
Microsoft Visual Studio Solution File, Format Version 12.00
# Visual Studio Version 16
VisualStudioVersion = 16.0.29519.181
MinimumVisualStudioVersion = 10.0.40219.1
Project("{2150E333-8FDC-42A3-9474-1A3956D46DE8}") = "Libraries", "Libraries", "{E4ACA93B-D3DE-4557-B069-F1DB42925A4B}"
EndProject
Project("{2150E333-8FDC-42A3-9474-1A3956D46DE8}") = "Presentation", "Presentation", "{B09156FB-8291-46A2-AF37-67CE97CFB5A6}"
EndProject
Project("{2150E333-8FDC-42A3-9474-1A3956D46DE8}") = "Tests", "Tests", "{A340B280-C12B-47E7-90B7-89C650F8AAFC}"
EndProject
Project("{2150E333-8FDC-42A3-9474-1A3956D46DE8}") = "Plugins", "Plugins", "{7881B112-7843-4542-B1F7-F99553FB9BB7}"
EndProject
Project("{9A19103F-16F7-4668-BE54-9A1E7A4F7556}") = "Nop.Web", "Presentation\Nop.Web\Nop.Web.csproj", "{4F1F649C-1020-45BE-A487-F416D9297FF3}"
EndProject
Project("{9A19103F-16F7-4668-BE54-9A1E7A4F7556}") = "Nop.Core", "Libraries\Nop.Core\Nop.Core.csproj", "{6BDA8332-939F-45B7-A25E-7A797260AE59}"
EndProject
Project("{9A19103F-16F7-4668-BE54-9A1E7A4F7556}") = "Nop.Data", "Libraries\Nop.Data\Nop.Data.csproj", "{CCD7F2C9-6A2C-4CF0-8E89-076B8FC0F144}"
EndProject
Project("{9A19103F-16F7-4668-BE54-9A1E7A4F7556}") = "Nop.Services", "Libraries\Nop.Services\Nop.Services.csproj", "{210541AD-F659-47DA-8763-16F36C5CD2F4}"
EndProject
Project("{9A19103F-16F7-4668-BE54-9A1E7A4F7556}") = "Nop.Services.Tests", "Tests\Nop.Services.Tests\Nop.Services.Tests.csproj", "{5DCBE5B1-1A02-48E7-9853-5FCEF2A36805}"
EndProject
Project("{9A19103F-16F7-4668-BE54-9A1E7A4F7556}") = "Nop.Core.Tests", "Tests\Nop.Core.Tests\Nop.Core.Tests.csproj", "{7A9BDC6A-F880-43D5-9B2A-59C1674CE449}"
EndProject
Project("{9A19103F-16F7-4668-BE54-9A1E7A4F7556}") = "Nop.Tests", "Tests\Nop.Tests\Nop.Tests.csproj", "{1D9EB579-3630-468A-BE94-49E7DF4F6E1D}"
EndProject
Project("{9A19103F-16F7-4668-BE54-9A1E7A4F7556}") = "Nop.Web.MVC.Tests", "Tests\Nop.Web.MVC.Tests\Nop.Web.MVC.Tests.csproj", "{57718244-1B22-4637-9DBF-F5D8E460FC95}"
EndProject
Project("{9A19103F-16F7-4668-BE54-9A1E7A4F7556}") = "Nop.Plugin.Payments.Manual", "Plugins\Nop.Plugin.Payments.Manual\Nop.Plugin.Payments.Manual.csproj", "{9A7B9344-6AD0-4828-876D-0BF14C177148}"
EndProject
Project("{9A19103F-16F7-4668-BE54-9A1E7A4F7556}") = "Nop.Web.Framework", "Presentation\Nop.Web.Framework\Nop.Web.Framework.csproj", "{75FD4163-333C-4DD5-854D-2EF294E45D94}"
EndProject
Project("{9A19103F-16F7-4668-BE54-9A1E7A4F7556}") = "Nop.Plugin.Shipping.UPS", "Plugins\Nop.Plugin.Shipping.UPS\Nop.Plugin.Shipping.UPS.csproj", "{98CA7487-6ADE-4773-BD0A-29255F443236}"
EndProject
Project("{9A19103F-16F7-4668-BE54-9A1E7A4F7556}") = "Nop.Plugin.Payments.CheckMoneyOrder", "Plugins\Nop.Plugin.Payments.CheckMoneyOrder\Nop.Plugin.Payments.CheckMoneyOrder.csproj", "{5422ED35-2808-4790-B5E6-C86A383B2874}"
EndProject
Project("{9A19103F-16F7-4668-BE54-9A1E7A4F7556}") = "Nop.Plugin.Payments.PayPalStandard", "Plugins\Nop.Plugin.Payments.PayPalStandard\Nop.Plugin.Payments.PayPalStandard.csproj", "{5979DBFD-8471-4DF5-A0FD-96F6768205AA}"
EndProject
Project("{9A19103F-16F7-4668-BE54-9A1E7A4F7556}") = "Nop.Plugin.Widgets.GoogleAnalytics", "Plugins\Nop.Plugin.Widgets.GoogleAnalytics\Nop.Plugin.Widgets.GoogleAnalytics.csproj", "{C2B83AF5-80F6-4B8C-8628-FA7DE10C3BB5}"
EndProject
Project("{9A19103F-16F7-4668-BE54-9A1E7A4F7556}") = "Nop.Plugin.ExternalAuth.Facebook", "Plugins\Nop.Plugin.ExternalAuth.Facebook\Nop.Plugin.ExternalAuth.Facebook.csproj", "{446FED73-BCA1-4D8F-BC13-EA1507C7EF29}"
EndProject
Project("{9A19103F-16F7-4668-BE54-9A1E7A4F7556}") = "Nop.Plugin.Widgets.NivoSlider", "Plugins\Nop.Plugin.Widgets.NivoSlider\Nop.Plugin.Widgets.NivoSlider.csproj", "{9978B382-0BCD-4621-B6B5-52E0E3B5F464}"
EndProject
Project("{9A19103F-16F7-4668-BE54-9A1E7A4F7556}") = "Nop.Plugin.ExchangeRate.EcbExchange", "Plugins\Nop.Plugin.ExchangeRate.EcbExchange\Nop.Plugin.ExchangeRate.EcbExchange.csproj", "{6DF00C56-EC49-4AB8-8B29-404E3694026C}"
EndProject
Project("{9A19103F-16F7-4668-BE54-9A1E7A4F7556}") = "Nop.Plugin.Pickup.PickupInStore", "Plugins\Nop.Plugin.Pickup.PickupInStore\Nop.Plugin.Pickup.PickupInStore.csproj", "{06C88D0B-A276-4D3D-8BE5-7C58BF3072E3}"
EndProject
Project("{9A19103F-16F7-4668-BE54-9A1E7A4F7556}") = "Nop.Plugin.Shipping.FixedByWeightByTotal", "Plugins\Nop.Plugin.Shipping.FixedByWeightByTotal\Nop.Plugin.Shipping.FixedByWeightByTotal.csproj", "{560768D4-7E1D-4431-99F0-CC14C255E167}"
EndProject
Project("{9A19103F-16F7-4668-BE54-9A1E7A4F7556}") = "Nop.Plugin.Tax.FixedOrByCountryStateZip", "Plugins\Nop.Plugin.Tax.FixedOrByCountryStateZip\Nop.Plugin.Tax.FixedOrByCountryStateZip.csproj", "{493761CB-5190-4283-8C6C-A8CEB5450CAB}"
EndProject
Project("{9A19103F-16F7-4668-BE54-9A1E7A4F7556}") = "Nop.Plugin.DiscountRules.CustomerRoles", "Plugins\Nop.Plugin.DiscountRules.CustomerRoles\Nop.Plugin.DiscountRules.CustomerRoles.csproj", "{4C0C889A-A3B2-43FA-824A-F529402C1BBF}"
EndProject
Project("{9A19103F-16F7-4668-BE54-9A1E7A4F7556}") = "Nop.Plugin.Misc.SendinBlue", "Plugins\Nop.Plugin.Misc.SendinBlue\Nop.Plugin.Misc.SendinBlue.csproj", "{7B08DACB-8E11-416D-9DDF-B0EEF847A8ED}"
EndProject
Project("{9A19103F-16F7-4668-BE54-9A1E7A4F7556}") = "Nop.Plugin.Tax.Avalara", "Plugins\Nop.Plugin.Tax.Avalara\Nop.Plugin.Tax.Avalara.csproj", "{2426B75D-23D4-41EF-8924-47650C8A18C7}"
EndProject
Project("{9A19103F-16F7-4668-BE54-9A1E7A4F7556}") = "Nop.Plugin.Shipping.ShipStation", "Plugins\Nop.Plugin.Shipping.ShipStation\Nop.Plugin.Shipping.ShipStation.csproj", "{83F05E8D-2D6C-41FC-A95C-9621ED358615}"
EndProject
Project("{9A19103F-16F7-4668-BE54-9A1E7A4F7556}") = "Nop.Plugin.Payments.PayPalSmartPaymentButtons", "Plugins\Nop.Plugin.Payments.PayPalSmartPaymentButtons\Nop.Plugin.Payments.PayPalSmartPaymentButtons.csproj", "{FAC5F9D0-2C2B-4296-B079-E723EA8A320C}"
EndProject
Project("{9A19103F-16F7-4668-BE54-9A1E7A4F7556}") = "Nop.Plugin.Widgets.FacebookPixel", "Plugins\Nop.Plugin.Widgets.FacebookPixel\Nop.Plugin.Widgets.FacebookPixel.csproj", "{87013DC8-D032-465B-A950-753E4EB15502}"
EndProject
Project("{2150E333-8FDC-42A3-9474-1A3956D46DE8}") = "submodules", "submodules", "{97475D17-18C0-4312-B339-872EC7CE834B}"
EndProject
Project("{2150E333-8FDC-42A3-9474-1A3956D46DE8}") = "db-support", "db-support", "{991CEBE4-5826-4687-893F-E2ECE8B13B2E}"
EndProject
Project("{2150E333-8FDC-42A3-9474-1A3956D46DE8}") = "runners", "runners", "{535FE8A7-07DA-4C15-B39E-AE34C7071765}"
EndProject
Project("{9A19103F-16F7-4668-BE54-9A1E7A4F7556}") = "FluentMigrator", "..\FluentMigrator-Fork\src\FluentMigrator\FluentMigrator.csproj", "{D8A5493C-A865-42F1-9A9D-6ED21FDC89D2}"
EndProject
Project("{9A19103F-16F7-4668-BE54-9A1E7A4F7556}") = "FluentMigrator.Abstractions", "..\FluentMigrator-Fork\src\FluentMigrator.Abstractions\FluentMigrator.Abstractions.csproj", "{35C50560-3F67-4D08-930C-9F368A10AB7D}"
EndProject
Project("{9A19103F-16F7-4668-BE54-9A1E7A4F7556}") = "FluentMigrator.Extensions.Oracle", "..\FluentMigrator-Fork\src\FluentMigrator.Extensions.Oracle\FluentMigrator.Extensions.Oracle.csproj", "{7E23DAE2-5910-439E-8678-9CA3BECF9743}"
EndProject
Project("{9A19103F-16F7-4668-BE54-9A1E7A4F7556}") = "FluentMigrator.Extensions.SqlAnywhere", "..\FluentMigrator-Fork\src\FluentMigrator.Extensions.SqlAnywhere\FluentMigrator.Extensions.SqlAnywhere.csproj", "{0CFC9EE2-B8DB-461C-85F7-99122DCFEDF6}"
EndProject
Project("{9A19103F-16F7-4668-BE54-9A1E7A4F7556}") = "FluentMigrator.Extensions.SqlServer", "..\FluentMigrator-Fork\src\FluentMigrator.Extensions.SqlServer\FluentMigrator.Extensions.SqlServer.csproj", "{246C2F36-39AB-4727-97C2-63D0AF3F1AB8}"
EndProject
Project("{9A19103F-16F7-4668-BE54-9A1E7A4F7556}") = "FluentMigrator.Console", "..\FluentMigrator-Fork\src\FluentMigrator.Console\FluentMigrator.Console.csproj", "{A01CD2BA-C8AE-4D74-A3B9-9EA581BB7C41}"
EndProject
Project("{9A19103F-16F7-4668-BE54-9A1E7A4F7556}") = "FluentMigrator.DotNet.Cli", "..\FluentMigrator-Fork\src\FluentMigrator.DotNet.Cli\FluentMigrator.DotNet.Cli.csproj", "{41D3A934-FD09-438C-88D0-091B008DED39}"
EndProject
Project("{9A19103F-16F7-4668-BE54-9A1E7A4F7556}") = "FluentMigrator.MSBuild", "..\FluentMigrator-Fork\src\FluentMigrator.MSBuild\FluentMigrator.MSBuild.csproj", "{EC71A7DB-5B42-48AF-945F-36F93D75382E}"
EndProject
Project("{9A19103F-16F7-4668-BE54-9A1E7A4F7556}") = "FluentMigrator.Runner", "..\FluentMigrator-Fork\src\FluentMigrator.Runner\FluentMigrator.Runner.csproj", "{DDD84FF3-DD4B-4BCF-A92D-8F91DBFC214E}"
EndProject
Project("{9A19103F-16F7-4668-BE54-9A1E7A4F7556}") = "FluentMigrator.Runner.Core", "..\FluentMigrator-Fork\src\FluentMigrator.Runner.Core\FluentMigrator.Runner.Core.csproj", "{2097A7D8-F28C-48B7-AB3D-9A3800AA2E00}"
EndProject
Project("{9A19103F-16F7-4668-BE54-9A1E7A4F7556}") = "FluentMigrator.Runner.Db2", "..\FluentMigrator-Fork\src\FluentMigrator.Runner.Db2\FluentMigrator.Runner.Db2.csproj", "{D753838B-EF1D-49A5-A475-DA3415907B66}"
EndProject
Project("{9A19103F-16F7-4668-BE54-9A1E7A4F7556}") = "FluentMigrator.Runner.Firebird", "..\FluentMigrator-Fork\src\FluentMigrator.Runner.Firebird\FluentMigrator.Runner.Firebird.csproj", "{E5CFD62F-BAE1-428F-A8C4-AE5BF7C5156D}"
EndProject
Project("{9A19103F-16F7-4668-BE54-9A1E7A4F7556}") = "FluentMigrator.Runner.Hana", "..\FluentMigrator-Fork\src\FluentMigrator.Runner.Hana\FluentMigrator.Runner.Hana.csproj", "{669A3B84-6D50-4786-B5CC-FCCAB5A6DCE8}"
EndProject
Project("{9A19103F-16F7-4668-BE54-9A1E7A4F7556}") = "FluentMigrator.Runner.Jet", "..\FluentMigrator-Fork\src\FluentMigrator.Runner.Jet\FluentMigrator.Runner.Jet.csproj", "{7D39E2DB-2D96-4108-8F2A-E3823BBC8264}"
EndProject
Project("{9A19103F-16F7-4668-BE54-9A1E7A4F7556}") = "FluentMigrator.Runner.MySql", "..\FluentMigrator-Fork\src\FluentMigrator.Runner.MySql\FluentMigrator.Runner.MySql.csproj", "{EC702D52-7F21-4803-BFEE-BA211598D9B2}"
EndProject
Project("{9A19103F-16F7-4668-BE54-9A1E7A4F7556}") = "FluentMigrator.Runner.Oracle", "..\FluentMigrator-Fork\src\FluentMigrator.Runner.Oracle\FluentMigrator.Runner.Oracle.csproj", "{C405EDEF-29F1-4AE6-9F41-6594420BF58C}"
EndProject
Project("{9A19103F-16F7-4668-BE54-9A1E7A4F7556}") = "FluentMigrator.Runner.Postgres", "..\FluentMigrator-Fork\src\FluentMigrator.Runner.Postgres\FluentMigrator.Runner.Postgres.csproj", "{850A84C7-8CE5-459B-8EAF-52C27A1AC56C}"
EndProject
Project("{9A19103F-16F7-4668-BE54-9A1E7A4F7556}") = "FluentMigrator.Runner.Redshift", "..\FluentMigrator-Fork\src\FluentMigrator.Runner.Redshift\FluentMigrator.Runner.Redshift.csproj", "{A97679F9-4CB8-4938-9407-90B5ED8CF94A}"
EndProject
Project("{9A19103F-16F7-4668-BE54-9A1E7A4F7556}") = "FluentMigrator.Runner.SqlAnywhere", "..\FluentMigrator-Fork\src\FluentMigrator.Runner.SqlAnywhere\FluentMigrator.Runner.SqlAnywhere.csproj", "{9CBA9FB5-70E2-4938-89BA-8031BDD63D48}"
EndProject
Project("{9A19103F-16F7-4668-BE54-9A1E7A4F7556}") = "FluentMigrator.Runner.SQLite", "..\FluentMigrator-Fork\src\FluentMigrator.Runner.SQLite\FluentMigrator.Runner.SQLite.csproj", "{B228AACC-2D74-4A68-8B7F-C4F7B4ECA176}"
EndProject
Project("{9A19103F-16F7-4668-BE54-9A1E7A4F7556}") = "FluentMigrator.Runner.SqlServer", "..\FluentMigrator-Fork\src\FluentMigrator.Runner.SqlServer\FluentMigrator.Runner.SqlServer.csproj", "{063304F7-247A-4CE0-9189-E935807DC5CD}"
EndProject
Project("{9A19103F-16F7-4668-BE54-9A1E7A4F7556}") = "FluentMigrator.Runner.SqlServerCe", "..\FluentMigrator-Fork\src\FluentMigrator.Runner.SqlServerCe\FluentMigrator.Runner.SqlServerCe.csproj", "{97FE13BD-CEE1-4B1D-86EF-19A543B27168}"
EndProject
Project("{2150E333-8FDC-42A3-9474-1A3956D46DE8}") = "test", "test", "{FC977252-B783-407A-9BE1-0396CE961A01}"
EndProject
Project("{9A19103F-16F7-4668-BE54-9A1E7A4F7556}") = "FluentMigrator.Tests", "..\FluentMigrator-Fork\test\FluentMigrator.Tests\FluentMigrator.Tests.csproj", "{D35EBF6D-9268-4E08-94F3-9D22A9FAB47F}"
EndProject
Global
	GlobalSection(SolutionConfigurationPlatforms) = preSolution
		Debug|Any CPU = Debug|Any CPU
		Debug|Mixed Platforms = Debug|Mixed Platforms
		Debug|x64 = Debug|x64
		Debug|x86 = Debug|x86
		Release|Any CPU = Release|Any CPU
		Release|Mixed Platforms = Release|Mixed Platforms
		Release|x64 = Release|x64
		Release|x86 = Release|x86
	EndGlobalSection
	GlobalSection(ProjectConfigurationPlatforms) = postSolution
		{4F1F649C-1020-45BE-A487-F416D9297FF3}.Debug|Any CPU.ActiveCfg = Debug|Any CPU
		{4F1F649C-1020-45BE-A487-F416D9297FF3}.Debug|Any CPU.Build.0 = Debug|Any CPU
		{4F1F649C-1020-45BE-A487-F416D9297FF3}.Debug|Mixed Platforms.ActiveCfg = Debug|Any CPU
		{4F1F649C-1020-45BE-A487-F416D9297FF3}.Debug|Mixed Platforms.Build.0 = Debug|Any CPU
		{4F1F649C-1020-45BE-A487-F416D9297FF3}.Debug|x64.ActiveCfg = Debug|Any CPU
		{4F1F649C-1020-45BE-A487-F416D9297FF3}.Debug|x64.Build.0 = Debug|Any CPU
		{4F1F649C-1020-45BE-A487-F416D9297FF3}.Debug|x86.ActiveCfg = Debug|Any CPU
		{4F1F649C-1020-45BE-A487-F416D9297FF3}.Release|Any CPU.ActiveCfg = Release|Any CPU
		{4F1F649C-1020-45BE-A487-F416D9297FF3}.Release|Any CPU.Build.0 = Release|Any CPU
		{4F1F649C-1020-45BE-A487-F416D9297FF3}.Release|Mixed Platforms.ActiveCfg = Release|Any CPU
		{4F1F649C-1020-45BE-A487-F416D9297FF3}.Release|Mixed Platforms.Build.0 = Release|Any CPU
		{4F1F649C-1020-45BE-A487-F416D9297FF3}.Release|x64.ActiveCfg = Release|Any CPU
		{4F1F649C-1020-45BE-A487-F416D9297FF3}.Release|x64.Build.0 = Release|Any CPU
		{4F1F649C-1020-45BE-A487-F416D9297FF3}.Release|x86.ActiveCfg = Release|Any CPU
		{6BDA8332-939F-45B7-A25E-7A797260AE59}.Debug|Any CPU.ActiveCfg = Debug|Any CPU
		{6BDA8332-939F-45B7-A25E-7A797260AE59}.Debug|Any CPU.Build.0 = Debug|Any CPU
		{6BDA8332-939F-45B7-A25E-7A797260AE59}.Debug|Mixed Platforms.ActiveCfg = Debug|Any CPU
		{6BDA8332-939F-45B7-A25E-7A797260AE59}.Debug|Mixed Platforms.Build.0 = Debug|Any CPU
		{6BDA8332-939F-45B7-A25E-7A797260AE59}.Debug|x64.ActiveCfg = Debug|Any CPU
		{6BDA8332-939F-45B7-A25E-7A797260AE59}.Debug|x64.Build.0 = Debug|Any CPU
		{6BDA8332-939F-45B7-A25E-7A797260AE59}.Debug|x86.ActiveCfg = Debug|Any CPU
		{6BDA8332-939F-45B7-A25E-7A797260AE59}.Release|Any CPU.ActiveCfg = Release|Any CPU
		{6BDA8332-939F-45B7-A25E-7A797260AE59}.Release|Any CPU.Build.0 = Release|Any CPU
		{6BDA8332-939F-45B7-A25E-7A797260AE59}.Release|Mixed Platforms.ActiveCfg = Release|Any CPU
		{6BDA8332-939F-45B7-A25E-7A797260AE59}.Release|Mixed Platforms.Build.0 = Release|Any CPU
		{6BDA8332-939F-45B7-A25E-7A797260AE59}.Release|x64.ActiveCfg = Release|Any CPU
		{6BDA8332-939F-45B7-A25E-7A797260AE59}.Release|x64.Build.0 = Release|Any CPU
		{6BDA8332-939F-45B7-A25E-7A797260AE59}.Release|x86.ActiveCfg = Release|Any CPU
		{CCD7F2C9-6A2C-4CF0-8E89-076B8FC0F144}.Debug|Any CPU.ActiveCfg = Debug|Any CPU
		{CCD7F2C9-6A2C-4CF0-8E89-076B8FC0F144}.Debug|Any CPU.Build.0 = Debug|Any CPU
		{CCD7F2C9-6A2C-4CF0-8E89-076B8FC0F144}.Debug|Mixed Platforms.ActiveCfg = Debug|Any CPU
		{CCD7F2C9-6A2C-4CF0-8E89-076B8FC0F144}.Debug|Mixed Platforms.Build.0 = Debug|Any CPU
		{CCD7F2C9-6A2C-4CF0-8E89-076B8FC0F144}.Debug|x64.ActiveCfg = Debug|Any CPU
		{CCD7F2C9-6A2C-4CF0-8E89-076B8FC0F144}.Debug|x64.Build.0 = Debug|Any CPU
		{CCD7F2C9-6A2C-4CF0-8E89-076B8FC0F144}.Debug|x86.ActiveCfg = Debug|Any CPU
		{CCD7F2C9-6A2C-4CF0-8E89-076B8FC0F144}.Release|Any CPU.ActiveCfg = Release|Any CPU
		{CCD7F2C9-6A2C-4CF0-8E89-076B8FC0F144}.Release|Any CPU.Build.0 = Release|Any CPU
		{CCD7F2C9-6A2C-4CF0-8E89-076B8FC0F144}.Release|Mixed Platforms.ActiveCfg = Release|Any CPU
		{CCD7F2C9-6A2C-4CF0-8E89-076B8FC0F144}.Release|Mixed Platforms.Build.0 = Release|Any CPU
		{CCD7F2C9-6A2C-4CF0-8E89-076B8FC0F144}.Release|x64.ActiveCfg = Release|Any CPU
		{CCD7F2C9-6A2C-4CF0-8E89-076B8FC0F144}.Release|x64.Build.0 = Release|Any CPU
		{CCD7F2C9-6A2C-4CF0-8E89-076B8FC0F144}.Release|x86.ActiveCfg = Release|Any CPU
		{210541AD-F659-47DA-8763-16F36C5CD2F4}.Debug|Any CPU.ActiveCfg = Debug|Any CPU
		{210541AD-F659-47DA-8763-16F36C5CD2F4}.Debug|Any CPU.Build.0 = Debug|Any CPU
		{210541AD-F659-47DA-8763-16F36C5CD2F4}.Debug|Mixed Platforms.ActiveCfg = Debug|Any CPU
		{210541AD-F659-47DA-8763-16F36C5CD2F4}.Debug|Mixed Platforms.Build.0 = Debug|Any CPU
		{210541AD-F659-47DA-8763-16F36C5CD2F4}.Debug|x64.ActiveCfg = Debug|Any CPU
		{210541AD-F659-47DA-8763-16F36C5CD2F4}.Debug|x64.Build.0 = Debug|Any CPU
		{210541AD-F659-47DA-8763-16F36C5CD2F4}.Debug|x86.ActiveCfg = Debug|Any CPU
		{210541AD-F659-47DA-8763-16F36C5CD2F4}.Release|Any CPU.ActiveCfg = Release|Any CPU
		{210541AD-F659-47DA-8763-16F36C5CD2F4}.Release|Any CPU.Build.0 = Release|Any CPU
		{210541AD-F659-47DA-8763-16F36C5CD2F4}.Release|Mixed Platforms.ActiveCfg = Release|Any CPU
		{210541AD-F659-47DA-8763-16F36C5CD2F4}.Release|Mixed Platforms.Build.0 = Release|Any CPU
		{210541AD-F659-47DA-8763-16F36C5CD2F4}.Release|x64.ActiveCfg = Release|Any CPU
		{210541AD-F659-47DA-8763-16F36C5CD2F4}.Release|x64.Build.0 = Release|Any CPU
		{210541AD-F659-47DA-8763-16F36C5CD2F4}.Release|x86.ActiveCfg = Release|Any CPU
		{5DCBE5B1-1A02-48E7-9853-5FCEF2A36805}.Debug|Any CPU.ActiveCfg = Debug|Any CPU
		{5DCBE5B1-1A02-48E7-9853-5FCEF2A36805}.Debug|Any CPU.Build.0 = Debug|Any CPU
		{5DCBE5B1-1A02-48E7-9853-5FCEF2A36805}.Debug|Mixed Platforms.ActiveCfg = Debug|Any CPU
		{5DCBE5B1-1A02-48E7-9853-5FCEF2A36805}.Debug|Mixed Platforms.Build.0 = Debug|Any CPU
		{5DCBE5B1-1A02-48E7-9853-5FCEF2A36805}.Debug|x64.ActiveCfg = Debug|Any CPU
		{5DCBE5B1-1A02-48E7-9853-5FCEF2A36805}.Debug|x64.Build.0 = Debug|Any CPU
		{5DCBE5B1-1A02-48E7-9853-5FCEF2A36805}.Debug|x86.ActiveCfg = Debug|Any CPU
		{5DCBE5B1-1A02-48E7-9853-5FCEF2A36805}.Release|Any CPU.ActiveCfg = Release|Any CPU
		{5DCBE5B1-1A02-48E7-9853-5FCEF2A36805}.Release|Any CPU.Build.0 = Release|Any CPU
		{5DCBE5B1-1A02-48E7-9853-5FCEF2A36805}.Release|Mixed Platforms.ActiveCfg = Release|Any CPU
		{5DCBE5B1-1A02-48E7-9853-5FCEF2A36805}.Release|Mixed Platforms.Build.0 = Release|Any CPU
		{5DCBE5B1-1A02-48E7-9853-5FCEF2A36805}.Release|x64.ActiveCfg = Release|Any CPU
		{5DCBE5B1-1A02-48E7-9853-5FCEF2A36805}.Release|x64.Build.0 = Release|Any CPU
		{5DCBE5B1-1A02-48E7-9853-5FCEF2A36805}.Release|x86.ActiveCfg = Release|Any CPU
		{7A9BDC6A-F880-43D5-9B2A-59C1674CE449}.Debug|Any CPU.ActiveCfg = Debug|Any CPU
		{7A9BDC6A-F880-43D5-9B2A-59C1674CE449}.Debug|Any CPU.Build.0 = Debug|Any CPU
		{7A9BDC6A-F880-43D5-9B2A-59C1674CE449}.Debug|Mixed Platforms.ActiveCfg = Debug|Any CPU
		{7A9BDC6A-F880-43D5-9B2A-59C1674CE449}.Debug|Mixed Platforms.Build.0 = Debug|Any CPU
		{7A9BDC6A-F880-43D5-9B2A-59C1674CE449}.Debug|x64.ActiveCfg = Debug|Any CPU
		{7A9BDC6A-F880-43D5-9B2A-59C1674CE449}.Debug|x64.Build.0 = Debug|Any CPU
		{7A9BDC6A-F880-43D5-9B2A-59C1674CE449}.Debug|x86.ActiveCfg = Debug|Any CPU
		{7A9BDC6A-F880-43D5-9B2A-59C1674CE449}.Release|Any CPU.ActiveCfg = Release|Any CPU
		{7A9BDC6A-F880-43D5-9B2A-59C1674CE449}.Release|Any CPU.Build.0 = Release|Any CPU
		{7A9BDC6A-F880-43D5-9B2A-59C1674CE449}.Release|Mixed Platforms.ActiveCfg = Release|Any CPU
		{7A9BDC6A-F880-43D5-9B2A-59C1674CE449}.Release|Mixed Platforms.Build.0 = Release|Any CPU
		{7A9BDC6A-F880-43D5-9B2A-59C1674CE449}.Release|x64.ActiveCfg = Release|Any CPU
		{7A9BDC6A-F880-43D5-9B2A-59C1674CE449}.Release|x64.Build.0 = Release|Any CPU
		{7A9BDC6A-F880-43D5-9B2A-59C1674CE449}.Release|x86.ActiveCfg = Release|Any CPU
		{1D9EB579-3630-468A-BE94-49E7DF4F6E1D}.Debug|Any CPU.ActiveCfg = Debug|Any CPU
		{1D9EB579-3630-468A-BE94-49E7DF4F6E1D}.Debug|Any CPU.Build.0 = Debug|Any CPU
		{1D9EB579-3630-468A-BE94-49E7DF4F6E1D}.Debug|Mixed Platforms.ActiveCfg = Debug|Any CPU
		{1D9EB579-3630-468A-BE94-49E7DF4F6E1D}.Debug|Mixed Platforms.Build.0 = Debug|Any CPU
		{1D9EB579-3630-468A-BE94-49E7DF4F6E1D}.Debug|x64.ActiveCfg = Debug|Any CPU
		{1D9EB579-3630-468A-BE94-49E7DF4F6E1D}.Debug|x64.Build.0 = Debug|Any CPU
		{1D9EB579-3630-468A-BE94-49E7DF4F6E1D}.Debug|x86.ActiveCfg = Debug|Any CPU
		{1D9EB579-3630-468A-BE94-49E7DF4F6E1D}.Release|Any CPU.ActiveCfg = Release|Any CPU
		{1D9EB579-3630-468A-BE94-49E7DF4F6E1D}.Release|Any CPU.Build.0 = Release|Any CPU
		{1D9EB579-3630-468A-BE94-49E7DF4F6E1D}.Release|Mixed Platforms.ActiveCfg = Release|Any CPU
		{1D9EB579-3630-468A-BE94-49E7DF4F6E1D}.Release|Mixed Platforms.Build.0 = Release|Any CPU
		{1D9EB579-3630-468A-BE94-49E7DF4F6E1D}.Release|x64.ActiveCfg = Release|Any CPU
		{1D9EB579-3630-468A-BE94-49E7DF4F6E1D}.Release|x64.Build.0 = Release|Any CPU
		{1D9EB579-3630-468A-BE94-49E7DF4F6E1D}.Release|x86.ActiveCfg = Release|Any CPU
		{57718244-1B22-4637-9DBF-F5D8E460FC95}.Debug|Any CPU.ActiveCfg = Debug|Any CPU
		{57718244-1B22-4637-9DBF-F5D8E460FC95}.Debug|Any CPU.Build.0 = Debug|Any CPU
		{57718244-1B22-4637-9DBF-F5D8E460FC95}.Debug|Mixed Platforms.ActiveCfg = Debug|Any CPU
		{57718244-1B22-4637-9DBF-F5D8E460FC95}.Debug|Mixed Platforms.Build.0 = Debug|Any CPU
		{57718244-1B22-4637-9DBF-F5D8E460FC95}.Debug|x64.ActiveCfg = Debug|Any CPU
		{57718244-1B22-4637-9DBF-F5D8E460FC95}.Debug|x64.Build.0 = Debug|Any CPU
		{57718244-1B22-4637-9DBF-F5D8E460FC95}.Debug|x86.ActiveCfg = Debug|Any CPU
		{57718244-1B22-4637-9DBF-F5D8E460FC95}.Release|Any CPU.ActiveCfg = Release|Any CPU
		{57718244-1B22-4637-9DBF-F5D8E460FC95}.Release|Any CPU.Build.0 = Release|Any CPU
		{57718244-1B22-4637-9DBF-F5D8E460FC95}.Release|Mixed Platforms.ActiveCfg = Release|Any CPU
		{57718244-1B22-4637-9DBF-F5D8E460FC95}.Release|Mixed Platforms.Build.0 = Release|Any CPU
		{57718244-1B22-4637-9DBF-F5D8E460FC95}.Release|x64.ActiveCfg = Release|Any CPU
		{57718244-1B22-4637-9DBF-F5D8E460FC95}.Release|x64.Build.0 = Release|Any CPU
		{57718244-1B22-4637-9DBF-F5D8E460FC95}.Release|x86.ActiveCfg = Release|Any CPU
		{9A7B9344-6AD0-4828-876D-0BF14C177148}.Debug|Any CPU.ActiveCfg = Debug|Any CPU
		{9A7B9344-6AD0-4828-876D-0BF14C177148}.Debug|Any CPU.Build.0 = Debug|Any CPU
		{9A7B9344-6AD0-4828-876D-0BF14C177148}.Debug|Mixed Platforms.ActiveCfg = Debug|Any CPU
		{9A7B9344-6AD0-4828-876D-0BF14C177148}.Debug|Mixed Platforms.Build.0 = Debug|Any CPU
		{9A7B9344-6AD0-4828-876D-0BF14C177148}.Debug|x64.ActiveCfg = Debug|Any CPU
		{9A7B9344-6AD0-4828-876D-0BF14C177148}.Debug|x64.Build.0 = Debug|Any CPU
		{9A7B9344-6AD0-4828-876D-0BF14C177148}.Debug|x86.ActiveCfg = Debug|Any CPU
		{9A7B9344-6AD0-4828-876D-0BF14C177148}.Release|Any CPU.ActiveCfg = Release|Any CPU
		{9A7B9344-6AD0-4828-876D-0BF14C177148}.Release|Any CPU.Build.0 = Release|Any CPU
		{9A7B9344-6AD0-4828-876D-0BF14C177148}.Release|Mixed Platforms.ActiveCfg = Release|Any CPU
		{9A7B9344-6AD0-4828-876D-0BF14C177148}.Release|Mixed Platforms.Build.0 = Release|Any CPU
		{9A7B9344-6AD0-4828-876D-0BF14C177148}.Release|x64.ActiveCfg = Release|Any CPU
		{9A7B9344-6AD0-4828-876D-0BF14C177148}.Release|x64.Build.0 = Release|Any CPU
		{9A7B9344-6AD0-4828-876D-0BF14C177148}.Release|x86.ActiveCfg = Release|Any CPU
		{75FD4163-333C-4DD5-854D-2EF294E45D94}.Debug|Any CPU.ActiveCfg = Debug|Any CPU
		{75FD4163-333C-4DD5-854D-2EF294E45D94}.Debug|Any CPU.Build.0 = Debug|Any CPU
		{75FD4163-333C-4DD5-854D-2EF294E45D94}.Debug|Mixed Platforms.ActiveCfg = Debug|Any CPU
		{75FD4163-333C-4DD5-854D-2EF294E45D94}.Debug|Mixed Platforms.Build.0 = Debug|Any CPU
		{75FD4163-333C-4DD5-854D-2EF294E45D94}.Debug|x64.ActiveCfg = Debug|Any CPU
		{75FD4163-333C-4DD5-854D-2EF294E45D94}.Debug|x64.Build.0 = Debug|Any CPU
		{75FD4163-333C-4DD5-854D-2EF294E45D94}.Debug|x86.ActiveCfg = Debug|Any CPU
		{75FD4163-333C-4DD5-854D-2EF294E45D94}.Release|Any CPU.ActiveCfg = Release|Any CPU
		{75FD4163-333C-4DD5-854D-2EF294E45D94}.Release|Any CPU.Build.0 = Release|Any CPU
		{75FD4163-333C-4DD5-854D-2EF294E45D94}.Release|Mixed Platforms.ActiveCfg = Release|Any CPU
		{75FD4163-333C-4DD5-854D-2EF294E45D94}.Release|Mixed Platforms.Build.0 = Release|Any CPU
		{75FD4163-333C-4DD5-854D-2EF294E45D94}.Release|x64.ActiveCfg = Release|Any CPU
		{75FD4163-333C-4DD5-854D-2EF294E45D94}.Release|x64.Build.0 = Release|Any CPU
		{75FD4163-333C-4DD5-854D-2EF294E45D94}.Release|x86.ActiveCfg = Release|Any CPU
		{98CA7487-6ADE-4773-BD0A-29255F443236}.Debug|Any CPU.ActiveCfg = Debug|Any CPU
		{98CA7487-6ADE-4773-BD0A-29255F443236}.Debug|Any CPU.Build.0 = Debug|Any CPU
		{98CA7487-6ADE-4773-BD0A-29255F443236}.Debug|Mixed Platforms.ActiveCfg = Debug|Any CPU
		{98CA7487-6ADE-4773-BD0A-29255F443236}.Debug|Mixed Platforms.Build.0 = Debug|Any CPU
		{98CA7487-6ADE-4773-BD0A-29255F443236}.Debug|x64.ActiveCfg = Debug|Any CPU
		{98CA7487-6ADE-4773-BD0A-29255F443236}.Debug|x64.Build.0 = Debug|Any CPU
		{98CA7487-6ADE-4773-BD0A-29255F443236}.Debug|x86.ActiveCfg = Debug|Any CPU
		{98CA7487-6ADE-4773-BD0A-29255F443236}.Release|Any CPU.ActiveCfg = Release|Any CPU
		{98CA7487-6ADE-4773-BD0A-29255F443236}.Release|Any CPU.Build.0 = Release|Any CPU
		{98CA7487-6ADE-4773-BD0A-29255F443236}.Release|Mixed Platforms.ActiveCfg = Release|Any CPU
		{98CA7487-6ADE-4773-BD0A-29255F443236}.Release|Mixed Platforms.Build.0 = Release|Any CPU
		{98CA7487-6ADE-4773-BD0A-29255F443236}.Release|x64.ActiveCfg = Release|Any CPU
		{98CA7487-6ADE-4773-BD0A-29255F443236}.Release|x64.Build.0 = Release|Any CPU
		{98CA7487-6ADE-4773-BD0A-29255F443236}.Release|x86.ActiveCfg = Release|Any CPU
		{5422ED35-2808-4790-B5E6-C86A383B2874}.Debug|Any CPU.ActiveCfg = Debug|Any CPU
		{5422ED35-2808-4790-B5E6-C86A383B2874}.Debug|Any CPU.Build.0 = Debug|Any CPU
		{5422ED35-2808-4790-B5E6-C86A383B2874}.Debug|Mixed Platforms.ActiveCfg = Debug|Any CPU
		{5422ED35-2808-4790-B5E6-C86A383B2874}.Debug|Mixed Platforms.Build.0 = Debug|Any CPU
		{5422ED35-2808-4790-B5E6-C86A383B2874}.Debug|x64.ActiveCfg = Debug|Any CPU
		{5422ED35-2808-4790-B5E6-C86A383B2874}.Debug|x64.Build.0 = Debug|Any CPU
		{5422ED35-2808-4790-B5E6-C86A383B2874}.Debug|x86.ActiveCfg = Debug|Any CPU
		{5422ED35-2808-4790-B5E6-C86A383B2874}.Release|Any CPU.ActiveCfg = Release|Any CPU
		{5422ED35-2808-4790-B5E6-C86A383B2874}.Release|Any CPU.Build.0 = Release|Any CPU
		{5422ED35-2808-4790-B5E6-C86A383B2874}.Release|Mixed Platforms.ActiveCfg = Release|Any CPU
		{5422ED35-2808-4790-B5E6-C86A383B2874}.Release|Mixed Platforms.Build.0 = Release|Any CPU
		{5422ED35-2808-4790-B5E6-C86A383B2874}.Release|x64.ActiveCfg = Release|Any CPU
		{5422ED35-2808-4790-B5E6-C86A383B2874}.Release|x64.Build.0 = Release|Any CPU
		{5422ED35-2808-4790-B5E6-C86A383B2874}.Release|x86.ActiveCfg = Release|Any CPU
		{5979DBFD-8471-4DF5-A0FD-96F6768205AA}.Debug|Any CPU.ActiveCfg = Debug|Any CPU
		{5979DBFD-8471-4DF5-A0FD-96F6768205AA}.Debug|Any CPU.Build.0 = Debug|Any CPU
		{5979DBFD-8471-4DF5-A0FD-96F6768205AA}.Debug|Mixed Platforms.ActiveCfg = Debug|Any CPU
		{5979DBFD-8471-4DF5-A0FD-96F6768205AA}.Debug|Mixed Platforms.Build.0 = Debug|Any CPU
		{5979DBFD-8471-4DF5-A0FD-96F6768205AA}.Debug|x64.ActiveCfg = Debug|Any CPU
		{5979DBFD-8471-4DF5-A0FD-96F6768205AA}.Debug|x64.Build.0 = Debug|Any CPU
		{5979DBFD-8471-4DF5-A0FD-96F6768205AA}.Debug|x86.ActiveCfg = Debug|Any CPU
		{5979DBFD-8471-4DF5-A0FD-96F6768205AA}.Release|Any CPU.ActiveCfg = Release|Any CPU
		{5979DBFD-8471-4DF5-A0FD-96F6768205AA}.Release|Any CPU.Build.0 = Release|Any CPU
		{5979DBFD-8471-4DF5-A0FD-96F6768205AA}.Release|Mixed Platforms.ActiveCfg = Release|Any CPU
		{5979DBFD-8471-4DF5-A0FD-96F6768205AA}.Release|Mixed Platforms.Build.0 = Release|Any CPU
		{5979DBFD-8471-4DF5-A0FD-96F6768205AA}.Release|x64.ActiveCfg = Release|Any CPU
		{5979DBFD-8471-4DF5-A0FD-96F6768205AA}.Release|x64.Build.0 = Release|Any CPU
		{5979DBFD-8471-4DF5-A0FD-96F6768205AA}.Release|x86.ActiveCfg = Release|Any CPU
		{C2B83AF5-80F6-4B8C-8628-FA7DE10C3BB5}.Debug|Any CPU.ActiveCfg = Debug|Any CPU
		{C2B83AF5-80F6-4B8C-8628-FA7DE10C3BB5}.Debug|Any CPU.Build.0 = Debug|Any CPU
		{C2B83AF5-80F6-4B8C-8628-FA7DE10C3BB5}.Debug|Mixed Platforms.ActiveCfg = Debug|Any CPU
		{C2B83AF5-80F6-4B8C-8628-FA7DE10C3BB5}.Debug|Mixed Platforms.Build.0 = Debug|Any CPU
		{C2B83AF5-80F6-4B8C-8628-FA7DE10C3BB5}.Debug|x64.ActiveCfg = Debug|Any CPU
		{C2B83AF5-80F6-4B8C-8628-FA7DE10C3BB5}.Debug|x64.Build.0 = Debug|Any CPU
		{C2B83AF5-80F6-4B8C-8628-FA7DE10C3BB5}.Debug|x86.ActiveCfg = Debug|Any CPU
		{C2B83AF5-80F6-4B8C-8628-FA7DE10C3BB5}.Release|Any CPU.ActiveCfg = Release|Any CPU
		{C2B83AF5-80F6-4B8C-8628-FA7DE10C3BB5}.Release|Any CPU.Build.0 = Release|Any CPU
		{C2B83AF5-80F6-4B8C-8628-FA7DE10C3BB5}.Release|Mixed Platforms.ActiveCfg = Release|Any CPU
		{C2B83AF5-80F6-4B8C-8628-FA7DE10C3BB5}.Release|Mixed Platforms.Build.0 = Release|Any CPU
		{C2B83AF5-80F6-4B8C-8628-FA7DE10C3BB5}.Release|x64.ActiveCfg = Release|Any CPU
		{C2B83AF5-80F6-4B8C-8628-FA7DE10C3BB5}.Release|x64.Build.0 = Release|Any CPU
		{C2B83AF5-80F6-4B8C-8628-FA7DE10C3BB5}.Release|x86.ActiveCfg = Release|Any CPU
		{446FED73-BCA1-4D8F-BC13-EA1507C7EF29}.Debug|Any CPU.ActiveCfg = Debug|Any CPU
		{446FED73-BCA1-4D8F-BC13-EA1507C7EF29}.Debug|Any CPU.Build.0 = Debug|Any CPU
		{446FED73-BCA1-4D8F-BC13-EA1507C7EF29}.Debug|Mixed Platforms.ActiveCfg = Debug|Any CPU
		{446FED73-BCA1-4D8F-BC13-EA1507C7EF29}.Debug|Mixed Platforms.Build.0 = Debug|Any CPU
		{446FED73-BCA1-4D8F-BC13-EA1507C7EF29}.Debug|x64.ActiveCfg = Debug|Any CPU
		{446FED73-BCA1-4D8F-BC13-EA1507C7EF29}.Debug|x64.Build.0 = Debug|Any CPU
		{446FED73-BCA1-4D8F-BC13-EA1507C7EF29}.Debug|x86.ActiveCfg = Debug|Any CPU
		{446FED73-BCA1-4D8F-BC13-EA1507C7EF29}.Release|Any CPU.ActiveCfg = Release|Any CPU
		{446FED73-BCA1-4D8F-BC13-EA1507C7EF29}.Release|Any CPU.Build.0 = Release|Any CPU
		{446FED73-BCA1-4D8F-BC13-EA1507C7EF29}.Release|Mixed Platforms.ActiveCfg = Release|Any CPU
		{446FED73-BCA1-4D8F-BC13-EA1507C7EF29}.Release|Mixed Platforms.Build.0 = Release|Any CPU
		{446FED73-BCA1-4D8F-BC13-EA1507C7EF29}.Release|x64.ActiveCfg = Release|Any CPU
		{446FED73-BCA1-4D8F-BC13-EA1507C7EF29}.Release|x64.Build.0 = Release|Any CPU
		{446FED73-BCA1-4D8F-BC13-EA1507C7EF29}.Release|x86.ActiveCfg = Release|Any CPU
		{9978B382-0BCD-4621-B6B5-52E0E3B5F464}.Debug|Any CPU.ActiveCfg = Debug|Any CPU
		{9978B382-0BCD-4621-B6B5-52E0E3B5F464}.Debug|Any CPU.Build.0 = Debug|Any CPU
		{9978B382-0BCD-4621-B6B5-52E0E3B5F464}.Debug|Mixed Platforms.ActiveCfg = Debug|Any CPU
		{9978B382-0BCD-4621-B6B5-52E0E3B5F464}.Debug|Mixed Platforms.Build.0 = Debug|Any CPU
		{9978B382-0BCD-4621-B6B5-52E0E3B5F464}.Debug|x64.ActiveCfg = Debug|Any CPU
		{9978B382-0BCD-4621-B6B5-52E0E3B5F464}.Debug|x64.Build.0 = Debug|Any CPU
		{9978B382-0BCD-4621-B6B5-52E0E3B5F464}.Debug|x86.ActiveCfg = Debug|Any CPU
		{9978B382-0BCD-4621-B6B5-52E0E3B5F464}.Release|Any CPU.ActiveCfg = Release|Any CPU
		{9978B382-0BCD-4621-B6B5-52E0E3B5F464}.Release|Any CPU.Build.0 = Release|Any CPU
		{9978B382-0BCD-4621-B6B5-52E0E3B5F464}.Release|Mixed Platforms.ActiveCfg = Release|Any CPU
		{9978B382-0BCD-4621-B6B5-52E0E3B5F464}.Release|Mixed Platforms.Build.0 = Release|Any CPU
		{9978B382-0BCD-4621-B6B5-52E0E3B5F464}.Release|x64.ActiveCfg = Release|Any CPU
		{9978B382-0BCD-4621-B6B5-52E0E3B5F464}.Release|x64.Build.0 = Release|Any CPU
		{9978B382-0BCD-4621-B6B5-52E0E3B5F464}.Release|x86.ActiveCfg = Release|Any CPU
		{6DF00C56-EC49-4AB8-8B29-404E3694026C}.Debug|Any CPU.ActiveCfg = Debug|Any CPU
		{6DF00C56-EC49-4AB8-8B29-404E3694026C}.Debug|Any CPU.Build.0 = Debug|Any CPU
		{6DF00C56-EC49-4AB8-8B29-404E3694026C}.Debug|Mixed Platforms.ActiveCfg = Debug|Any CPU
		{6DF00C56-EC49-4AB8-8B29-404E3694026C}.Debug|Mixed Platforms.Build.0 = Debug|Any CPU
		{6DF00C56-EC49-4AB8-8B29-404E3694026C}.Debug|x64.ActiveCfg = Debug|Any CPU
		{6DF00C56-EC49-4AB8-8B29-404E3694026C}.Debug|x64.Build.0 = Debug|Any CPU
		{6DF00C56-EC49-4AB8-8B29-404E3694026C}.Debug|x86.ActiveCfg = Debug|Any CPU
		{6DF00C56-EC49-4AB8-8B29-404E3694026C}.Debug|x86.Build.0 = Debug|Any CPU
		{6DF00C56-EC49-4AB8-8B29-404E3694026C}.Release|Any CPU.ActiveCfg = Release|Any CPU
		{6DF00C56-EC49-4AB8-8B29-404E3694026C}.Release|Any CPU.Build.0 = Release|Any CPU
		{6DF00C56-EC49-4AB8-8B29-404E3694026C}.Release|Mixed Platforms.ActiveCfg = Release|Any CPU
		{6DF00C56-EC49-4AB8-8B29-404E3694026C}.Release|Mixed Platforms.Build.0 = Release|Any CPU
		{6DF00C56-EC49-4AB8-8B29-404E3694026C}.Release|x64.ActiveCfg = Release|Any CPU
		{6DF00C56-EC49-4AB8-8B29-404E3694026C}.Release|x64.Build.0 = Release|Any CPU
		{6DF00C56-EC49-4AB8-8B29-404E3694026C}.Release|x86.ActiveCfg = Release|Any CPU
		{6DF00C56-EC49-4AB8-8B29-404E3694026C}.Release|x86.Build.0 = Release|Any CPU
		{06C88D0B-A276-4D3D-8BE5-7C58BF3072E3}.Debug|Any CPU.ActiveCfg = Debug|Any CPU
		{06C88D0B-A276-4D3D-8BE5-7C58BF3072E3}.Debug|Any CPU.Build.0 = Debug|Any CPU
		{06C88D0B-A276-4D3D-8BE5-7C58BF3072E3}.Debug|Mixed Platforms.ActiveCfg = Debug|Any CPU
		{06C88D0B-A276-4D3D-8BE5-7C58BF3072E3}.Debug|Mixed Platforms.Build.0 = Debug|Any CPU
		{06C88D0B-A276-4D3D-8BE5-7C58BF3072E3}.Debug|x64.ActiveCfg = Debug|Any CPU
		{06C88D0B-A276-4D3D-8BE5-7C58BF3072E3}.Debug|x64.Build.0 = Debug|Any CPU
		{06C88D0B-A276-4D3D-8BE5-7C58BF3072E3}.Debug|x86.ActiveCfg = Debug|Any CPU
		{06C88D0B-A276-4D3D-8BE5-7C58BF3072E3}.Debug|x86.Build.0 = Debug|Any CPU
		{06C88D0B-A276-4D3D-8BE5-7C58BF3072E3}.Release|Any CPU.ActiveCfg = Release|Any CPU
		{06C88D0B-A276-4D3D-8BE5-7C58BF3072E3}.Release|Any CPU.Build.0 = Release|Any CPU
		{06C88D0B-A276-4D3D-8BE5-7C58BF3072E3}.Release|Mixed Platforms.ActiveCfg = Release|Any CPU
		{06C88D0B-A276-4D3D-8BE5-7C58BF3072E3}.Release|Mixed Platforms.Build.0 = Release|Any CPU
		{06C88D0B-A276-4D3D-8BE5-7C58BF3072E3}.Release|x64.ActiveCfg = Release|Any CPU
		{06C88D0B-A276-4D3D-8BE5-7C58BF3072E3}.Release|x64.Build.0 = Release|Any CPU
		{06C88D0B-A276-4D3D-8BE5-7C58BF3072E3}.Release|x86.ActiveCfg = Release|Any CPU
		{06C88D0B-A276-4D3D-8BE5-7C58BF3072E3}.Release|x86.Build.0 = Release|Any CPU
		{560768D4-7E1D-4431-99F0-CC14C255E167}.Debug|Any CPU.ActiveCfg = Debug|Any CPU
		{560768D4-7E1D-4431-99F0-CC14C255E167}.Debug|Any CPU.Build.0 = Debug|Any CPU
		{560768D4-7E1D-4431-99F0-CC14C255E167}.Debug|Mixed Platforms.ActiveCfg = Debug|Any CPU
		{560768D4-7E1D-4431-99F0-CC14C255E167}.Debug|Mixed Platforms.Build.0 = Debug|Any CPU
		{560768D4-7E1D-4431-99F0-CC14C255E167}.Debug|x64.ActiveCfg = Debug|Any CPU
		{560768D4-7E1D-4431-99F0-CC14C255E167}.Debug|x64.Build.0 = Debug|Any CPU
		{560768D4-7E1D-4431-99F0-CC14C255E167}.Debug|x86.ActiveCfg = Debug|Any CPU
		{560768D4-7E1D-4431-99F0-CC14C255E167}.Debug|x86.Build.0 = Debug|Any CPU
		{560768D4-7E1D-4431-99F0-CC14C255E167}.Release|Any CPU.ActiveCfg = Release|Any CPU
		{560768D4-7E1D-4431-99F0-CC14C255E167}.Release|Any CPU.Build.0 = Release|Any CPU
		{560768D4-7E1D-4431-99F0-CC14C255E167}.Release|Mixed Platforms.ActiveCfg = Release|Any CPU
		{560768D4-7E1D-4431-99F0-CC14C255E167}.Release|Mixed Platforms.Build.0 = Release|Any CPU
		{560768D4-7E1D-4431-99F0-CC14C255E167}.Release|x64.ActiveCfg = Release|Any CPU
		{560768D4-7E1D-4431-99F0-CC14C255E167}.Release|x64.Build.0 = Release|Any CPU
		{560768D4-7E1D-4431-99F0-CC14C255E167}.Release|x86.ActiveCfg = Release|Any CPU
		{560768D4-7E1D-4431-99F0-CC14C255E167}.Release|x86.Build.0 = Release|Any CPU
		{493761CB-5190-4283-8C6C-A8CEB5450CAB}.Debug|Any CPU.ActiveCfg = Debug|Any CPU
		{493761CB-5190-4283-8C6C-A8CEB5450CAB}.Debug|Any CPU.Build.0 = Debug|Any CPU
		{493761CB-5190-4283-8C6C-A8CEB5450CAB}.Debug|Mixed Platforms.ActiveCfg = Debug|Any CPU
		{493761CB-5190-4283-8C6C-A8CEB5450CAB}.Debug|Mixed Platforms.Build.0 = Debug|Any CPU
		{493761CB-5190-4283-8C6C-A8CEB5450CAB}.Debug|x64.ActiveCfg = Debug|Any CPU
		{493761CB-5190-4283-8C6C-A8CEB5450CAB}.Debug|x64.Build.0 = Debug|Any CPU
		{493761CB-5190-4283-8C6C-A8CEB5450CAB}.Debug|x86.ActiveCfg = Debug|Any CPU
		{493761CB-5190-4283-8C6C-A8CEB5450CAB}.Debug|x86.Build.0 = Debug|Any CPU
		{493761CB-5190-4283-8C6C-A8CEB5450CAB}.Release|Any CPU.ActiveCfg = Release|Any CPU
		{493761CB-5190-4283-8C6C-A8CEB5450CAB}.Release|Any CPU.Build.0 = Release|Any CPU
		{493761CB-5190-4283-8C6C-A8CEB5450CAB}.Release|Mixed Platforms.ActiveCfg = Release|Any CPU
		{493761CB-5190-4283-8C6C-A8CEB5450CAB}.Release|Mixed Platforms.Build.0 = Release|Any CPU
		{493761CB-5190-4283-8C6C-A8CEB5450CAB}.Release|x64.ActiveCfg = Release|Any CPU
		{493761CB-5190-4283-8C6C-A8CEB5450CAB}.Release|x64.Build.0 = Release|Any CPU
		{493761CB-5190-4283-8C6C-A8CEB5450CAB}.Release|x86.ActiveCfg = Release|Any CPU
		{493761CB-5190-4283-8C6C-A8CEB5450CAB}.Release|x86.Build.0 = Release|Any CPU
		{4C0C889A-A3B2-43FA-824A-F529402C1BBF}.Debug|Any CPU.ActiveCfg = Debug|Any CPU
		{4C0C889A-A3B2-43FA-824A-F529402C1BBF}.Debug|Any CPU.Build.0 = Debug|Any CPU
		{4C0C889A-A3B2-43FA-824A-F529402C1BBF}.Debug|Mixed Platforms.ActiveCfg = Debug|Any CPU
		{4C0C889A-A3B2-43FA-824A-F529402C1BBF}.Debug|Mixed Platforms.Build.0 = Debug|Any CPU
		{4C0C889A-A3B2-43FA-824A-F529402C1BBF}.Debug|x64.ActiveCfg = Debug|Any CPU
		{4C0C889A-A3B2-43FA-824A-F529402C1BBF}.Debug|x64.Build.0 = Debug|Any CPU
		{4C0C889A-A3B2-43FA-824A-F529402C1BBF}.Debug|x86.ActiveCfg = Debug|Any CPU
		{4C0C889A-A3B2-43FA-824A-F529402C1BBF}.Debug|x86.Build.0 = Debug|Any CPU
		{4C0C889A-A3B2-43FA-824A-F529402C1BBF}.Release|Any CPU.ActiveCfg = Release|Any CPU
		{4C0C889A-A3B2-43FA-824A-F529402C1BBF}.Release|Any CPU.Build.0 = Release|Any CPU
		{4C0C889A-A3B2-43FA-824A-F529402C1BBF}.Release|Mixed Platforms.ActiveCfg = Release|Any CPU
		{4C0C889A-A3B2-43FA-824A-F529402C1BBF}.Release|Mixed Platforms.Build.0 = Release|Any CPU
		{4C0C889A-A3B2-43FA-824A-F529402C1BBF}.Release|x64.ActiveCfg = Release|Any CPU
		{4C0C889A-A3B2-43FA-824A-F529402C1BBF}.Release|x64.Build.0 = Release|Any CPU
		{4C0C889A-A3B2-43FA-824A-F529402C1BBF}.Release|x86.ActiveCfg = Release|Any CPU
		{4C0C889A-A3B2-43FA-824A-F529402C1BBF}.Release|x86.Build.0 = Release|Any CPU
		{7B08DACB-8E11-416D-9DDF-B0EEF847A8ED}.Debug|Any CPU.ActiveCfg = Debug|Any CPU
		{7B08DACB-8E11-416D-9DDF-B0EEF847A8ED}.Debug|Any CPU.Build.0 = Debug|Any CPU
		{7B08DACB-8E11-416D-9DDF-B0EEF847A8ED}.Debug|Mixed Platforms.ActiveCfg = Debug|Any CPU
		{7B08DACB-8E11-416D-9DDF-B0EEF847A8ED}.Debug|Mixed Platforms.Build.0 = Debug|Any CPU
		{7B08DACB-8E11-416D-9DDF-B0EEF847A8ED}.Debug|x64.ActiveCfg = Debug|Any CPU
		{7B08DACB-8E11-416D-9DDF-B0EEF847A8ED}.Debug|x64.Build.0 = Debug|Any CPU
		{7B08DACB-8E11-416D-9DDF-B0EEF847A8ED}.Debug|x86.ActiveCfg = Debug|Any CPU
		{7B08DACB-8E11-416D-9DDF-B0EEF847A8ED}.Debug|x86.Build.0 = Debug|Any CPU
		{7B08DACB-8E11-416D-9DDF-B0EEF847A8ED}.Release|Any CPU.ActiveCfg = Release|Any CPU
		{7B08DACB-8E11-416D-9DDF-B0EEF847A8ED}.Release|Any CPU.Build.0 = Release|Any CPU
		{7B08DACB-8E11-416D-9DDF-B0EEF847A8ED}.Release|Mixed Platforms.ActiveCfg = Release|Any CPU
		{7B08DACB-8E11-416D-9DDF-B0EEF847A8ED}.Release|Mixed Platforms.Build.0 = Release|Any CPU
		{7B08DACB-8E11-416D-9DDF-B0EEF847A8ED}.Release|x64.ActiveCfg = Release|Any CPU
		{7B08DACB-8E11-416D-9DDF-B0EEF847A8ED}.Release|x64.Build.0 = Release|Any CPU
		{7B08DACB-8E11-416D-9DDF-B0EEF847A8ED}.Release|x86.ActiveCfg = Release|Any CPU
		{7B08DACB-8E11-416D-9DDF-B0EEF847A8ED}.Release|x86.Build.0 = Release|Any CPU
		{2426B75D-23D4-41EF-8924-47650C8A18C7}.Debug|Any CPU.ActiveCfg = Debug|Any CPU
		{2426B75D-23D4-41EF-8924-47650C8A18C7}.Debug|Any CPU.Build.0 = Debug|Any CPU
		{2426B75D-23D4-41EF-8924-47650C8A18C7}.Debug|Mixed Platforms.ActiveCfg = Debug|Any CPU
		{2426B75D-23D4-41EF-8924-47650C8A18C7}.Debug|Mixed Platforms.Build.0 = Debug|Any CPU
		{2426B75D-23D4-41EF-8924-47650C8A18C7}.Debug|x64.ActiveCfg = Debug|Any CPU
		{2426B75D-23D4-41EF-8924-47650C8A18C7}.Debug|x64.Build.0 = Debug|Any CPU
		{2426B75D-23D4-41EF-8924-47650C8A18C7}.Debug|x86.ActiveCfg = Debug|Any CPU
		{2426B75D-23D4-41EF-8924-47650C8A18C7}.Debug|x86.Build.0 = Debug|Any CPU
		{2426B75D-23D4-41EF-8924-47650C8A18C7}.Release|Any CPU.ActiveCfg = Release|Any CPU
		{2426B75D-23D4-41EF-8924-47650C8A18C7}.Release|Any CPU.Build.0 = Release|Any CPU
		{2426B75D-23D4-41EF-8924-47650C8A18C7}.Release|Mixed Platforms.ActiveCfg = Release|Any CPU
		{2426B75D-23D4-41EF-8924-47650C8A18C7}.Release|Mixed Platforms.Build.0 = Release|Any CPU
		{2426B75D-23D4-41EF-8924-47650C8A18C7}.Release|x64.ActiveCfg = Release|Any CPU
		{2426B75D-23D4-41EF-8924-47650C8A18C7}.Release|x64.Build.0 = Release|Any CPU
		{2426B75D-23D4-41EF-8924-47650C8A18C7}.Release|x86.ActiveCfg = Release|Any CPU
		{2426B75D-23D4-41EF-8924-47650C8A18C7}.Release|x86.Build.0 = Release|Any CPU
		{83F05E8D-2D6C-41FC-A95C-9621ED358615}.Debug|Any CPU.ActiveCfg = Debug|Any CPU
		{83F05E8D-2D6C-41FC-A95C-9621ED358615}.Debug|Any CPU.Build.0 = Debug|Any CPU
		{83F05E8D-2D6C-41FC-A95C-9621ED358615}.Debug|Mixed Platforms.ActiveCfg = Debug|Any CPU
		{83F05E8D-2D6C-41FC-A95C-9621ED358615}.Debug|Mixed Platforms.Build.0 = Debug|Any CPU
		{83F05E8D-2D6C-41FC-A95C-9621ED358615}.Debug|x64.ActiveCfg = Debug|Any CPU
		{83F05E8D-2D6C-41FC-A95C-9621ED358615}.Debug|x64.Build.0 = Debug|Any CPU
		{83F05E8D-2D6C-41FC-A95C-9621ED358615}.Debug|x86.ActiveCfg = Debug|Any CPU
		{83F05E8D-2D6C-41FC-A95C-9621ED358615}.Debug|x86.Build.0 = Debug|Any CPU
		{83F05E8D-2D6C-41FC-A95C-9621ED358615}.Release|Any CPU.ActiveCfg = Release|Any CPU
		{83F05E8D-2D6C-41FC-A95C-9621ED358615}.Release|Any CPU.Build.0 = Release|Any CPU
		{83F05E8D-2D6C-41FC-A95C-9621ED358615}.Release|Mixed Platforms.ActiveCfg = Release|Any CPU
		{83F05E8D-2D6C-41FC-A95C-9621ED358615}.Release|Mixed Platforms.Build.0 = Release|Any CPU
		{83F05E8D-2D6C-41FC-A95C-9621ED358615}.Release|x64.ActiveCfg = Release|Any CPU
		{83F05E8D-2D6C-41FC-A95C-9621ED358615}.Release|x64.Build.0 = Release|Any CPU
		{83F05E8D-2D6C-41FC-A95C-9621ED358615}.Release|x86.ActiveCfg = Release|Any CPU
		{83F05E8D-2D6C-41FC-A95C-9621ED358615}.Release|x86.Build.0 = Release|Any CPU
		{FAC5F9D0-2C2B-4296-B079-E723EA8A320C}.Debug|Any CPU.ActiveCfg = Debug|Any CPU
		{FAC5F9D0-2C2B-4296-B079-E723EA8A320C}.Debug|Any CPU.Build.0 = Debug|Any CPU
		{FAC5F9D0-2C2B-4296-B079-E723EA8A320C}.Debug|Mixed Platforms.ActiveCfg = Debug|Any CPU
		{FAC5F9D0-2C2B-4296-B079-E723EA8A320C}.Debug|Mixed Platforms.Build.0 = Debug|Any CPU
		{FAC5F9D0-2C2B-4296-B079-E723EA8A320C}.Debug|x64.ActiveCfg = Debug|Any CPU
		{FAC5F9D0-2C2B-4296-B079-E723EA8A320C}.Debug|x64.Build.0 = Debug|Any CPU
		{FAC5F9D0-2C2B-4296-B079-E723EA8A320C}.Debug|x86.ActiveCfg = Debug|Any CPU
		{FAC5F9D0-2C2B-4296-B079-E723EA8A320C}.Debug|x86.Build.0 = Debug|Any CPU
		{FAC5F9D0-2C2B-4296-B079-E723EA8A320C}.Release|Any CPU.ActiveCfg = Release|Any CPU
		{FAC5F9D0-2C2B-4296-B079-E723EA8A320C}.Release|Any CPU.Build.0 = Release|Any CPU
		{FAC5F9D0-2C2B-4296-B079-E723EA8A320C}.Release|Mixed Platforms.ActiveCfg = Release|Any CPU
		{FAC5F9D0-2C2B-4296-B079-E723EA8A320C}.Release|Mixed Platforms.Build.0 = Release|Any CPU
		{FAC5F9D0-2C2B-4296-B079-E723EA8A320C}.Release|x64.ActiveCfg = Release|Any CPU
		{FAC5F9D0-2C2B-4296-B079-E723EA8A320C}.Release|x64.Build.0 = Release|Any CPU
		{FAC5F9D0-2C2B-4296-B079-E723EA8A320C}.Release|x86.ActiveCfg = Release|Any CPU
		{FAC5F9D0-2C2B-4296-B079-E723EA8A320C}.Release|x86.Build.0 = Release|Any CPU
		{87013DC8-D032-465B-A950-753E4EB15502}.Debug|Any CPU.ActiveCfg = Debug|Any CPU
		{87013DC8-D032-465B-A950-753E4EB15502}.Debug|Any CPU.Build.0 = Debug|Any CPU
		{87013DC8-D032-465B-A950-753E4EB15502}.Debug|Mixed Platforms.ActiveCfg = Debug|Any CPU
		{87013DC8-D032-465B-A950-753E4EB15502}.Debug|Mixed Platforms.Build.0 = Debug|Any CPU
		{87013DC8-D032-465B-A950-753E4EB15502}.Debug|x64.ActiveCfg = Debug|Any CPU
		{87013DC8-D032-465B-A950-753E4EB15502}.Debug|x64.Build.0 = Debug|Any CPU
		{87013DC8-D032-465B-A950-753E4EB15502}.Debug|x86.ActiveCfg = Debug|Any CPU
		{87013DC8-D032-465B-A950-753E4EB15502}.Debug|x86.Build.0 = Debug|Any CPU
		{87013DC8-D032-465B-A950-753E4EB15502}.Release|Any CPU.ActiveCfg = Release|Any CPU
		{87013DC8-D032-465B-A950-753E4EB15502}.Release|Any CPU.Build.0 = Release|Any CPU
		{87013DC8-D032-465B-A950-753E4EB15502}.Release|Mixed Platforms.ActiveCfg = Release|Any CPU
		{87013DC8-D032-465B-A950-753E4EB15502}.Release|Mixed Platforms.Build.0 = Release|Any CPU
		{87013DC8-D032-465B-A950-753E4EB15502}.Release|x64.ActiveCfg = Release|Any CPU
		{87013DC8-D032-465B-A950-753E4EB15502}.Release|x64.Build.0 = Release|Any CPU
		{87013DC8-D032-465B-A950-753E4EB15502}.Release|x86.ActiveCfg = Release|Any CPU
		{87013DC8-D032-465B-A950-753E4EB15502}.Release|x86.Build.0 = Release|Any CPU
		{D8A5493C-A865-42F1-9A9D-6ED21FDC89D2}.Debug|Any CPU.ActiveCfg = Debug|Any CPU
		{D8A5493C-A865-42F1-9A9D-6ED21FDC89D2}.Debug|Any CPU.Build.0 = Debug|Any CPU
		{D8A5493C-A865-42F1-9A9D-6ED21FDC89D2}.Debug|Mixed Platforms.ActiveCfg = Debug|Any CPU
		{D8A5493C-A865-42F1-9A9D-6ED21FDC89D2}.Debug|Mixed Platforms.Build.0 = Debug|Any CPU
		{D8A5493C-A865-42F1-9A9D-6ED21FDC89D2}.Debug|x64.ActiveCfg = Debug|Any CPU
		{D8A5493C-A865-42F1-9A9D-6ED21FDC89D2}.Debug|x64.Build.0 = Debug|Any CPU
		{D8A5493C-A865-42F1-9A9D-6ED21FDC89D2}.Debug|x86.ActiveCfg = Debug|Any CPU
		{D8A5493C-A865-42F1-9A9D-6ED21FDC89D2}.Debug|x86.Build.0 = Debug|Any CPU
		{D8A5493C-A865-42F1-9A9D-6ED21FDC89D2}.Release|Any CPU.ActiveCfg = Release|Any CPU
		{D8A5493C-A865-42F1-9A9D-6ED21FDC89D2}.Release|Any CPU.Build.0 = Release|Any CPU
		{D8A5493C-A865-42F1-9A9D-6ED21FDC89D2}.Release|Mixed Platforms.ActiveCfg = Release|Any CPU
		{D8A5493C-A865-42F1-9A9D-6ED21FDC89D2}.Release|Mixed Platforms.Build.0 = Release|Any CPU
		{D8A5493C-A865-42F1-9A9D-6ED21FDC89D2}.Release|x64.ActiveCfg = Release|Any CPU
		{D8A5493C-A865-42F1-9A9D-6ED21FDC89D2}.Release|x64.Build.0 = Release|Any CPU
		{D8A5493C-A865-42F1-9A9D-6ED21FDC89D2}.Release|x86.ActiveCfg = Release|Any CPU
		{D8A5493C-A865-42F1-9A9D-6ED21FDC89D2}.Release|x86.Build.0 = Release|Any CPU
		{35C50560-3F67-4D08-930C-9F368A10AB7D}.Debug|Any CPU.ActiveCfg = Debug|Any CPU
		{35C50560-3F67-4D08-930C-9F368A10AB7D}.Debug|Any CPU.Build.0 = Debug|Any CPU
		{35C50560-3F67-4D08-930C-9F368A10AB7D}.Debug|Mixed Platforms.ActiveCfg = Debug|Any CPU
		{35C50560-3F67-4D08-930C-9F368A10AB7D}.Debug|Mixed Platforms.Build.0 = Debug|Any CPU
		{35C50560-3F67-4D08-930C-9F368A10AB7D}.Debug|x64.ActiveCfg = Debug|Any CPU
		{35C50560-3F67-4D08-930C-9F368A10AB7D}.Debug|x64.Build.0 = Debug|Any CPU
		{35C50560-3F67-4D08-930C-9F368A10AB7D}.Debug|x86.ActiveCfg = Debug|Any CPU
		{35C50560-3F67-4D08-930C-9F368A10AB7D}.Debug|x86.Build.0 = Debug|Any CPU
		{35C50560-3F67-4D08-930C-9F368A10AB7D}.Release|Any CPU.ActiveCfg = Release|Any CPU
		{35C50560-3F67-4D08-930C-9F368A10AB7D}.Release|Any CPU.Build.0 = Release|Any CPU
		{35C50560-3F67-4D08-930C-9F368A10AB7D}.Release|Mixed Platforms.ActiveCfg = Release|Any CPU
		{35C50560-3F67-4D08-930C-9F368A10AB7D}.Release|Mixed Platforms.Build.0 = Release|Any CPU
		{35C50560-3F67-4D08-930C-9F368A10AB7D}.Release|x64.ActiveCfg = Release|Any CPU
		{35C50560-3F67-4D08-930C-9F368A10AB7D}.Release|x64.Build.0 = Release|Any CPU
		{35C50560-3F67-4D08-930C-9F368A10AB7D}.Release|x86.ActiveCfg = Release|Any CPU
		{35C50560-3F67-4D08-930C-9F368A10AB7D}.Release|x86.Build.0 = Release|Any CPU
		{7E23DAE2-5910-439E-8678-9CA3BECF9743}.Debug|Any CPU.ActiveCfg = Debug|Any CPU
		{7E23DAE2-5910-439E-8678-9CA3BECF9743}.Debug|Any CPU.Build.0 = Debug|Any CPU
		{7E23DAE2-5910-439E-8678-9CA3BECF9743}.Debug|Mixed Platforms.ActiveCfg = Debug|Any CPU
		{7E23DAE2-5910-439E-8678-9CA3BECF9743}.Debug|Mixed Platforms.Build.0 = Debug|Any CPU
		{7E23DAE2-5910-439E-8678-9CA3BECF9743}.Debug|x64.ActiveCfg = Debug|Any CPU
		{7E23DAE2-5910-439E-8678-9CA3BECF9743}.Debug|x64.Build.0 = Debug|Any CPU
		{7E23DAE2-5910-439E-8678-9CA3BECF9743}.Debug|x86.ActiveCfg = Debug|Any CPU
		{7E23DAE2-5910-439E-8678-9CA3BECF9743}.Debug|x86.Build.0 = Debug|Any CPU
		{7E23DAE2-5910-439E-8678-9CA3BECF9743}.Release|Any CPU.ActiveCfg = Release|Any CPU
		{7E23DAE2-5910-439E-8678-9CA3BECF9743}.Release|Any CPU.Build.0 = Release|Any CPU
		{7E23DAE2-5910-439E-8678-9CA3BECF9743}.Release|Mixed Platforms.ActiveCfg = Release|Any CPU
		{7E23DAE2-5910-439E-8678-9CA3BECF9743}.Release|Mixed Platforms.Build.0 = Release|Any CPU
		{7E23DAE2-5910-439E-8678-9CA3BECF9743}.Release|x64.ActiveCfg = Release|Any CPU
		{7E23DAE2-5910-439E-8678-9CA3BECF9743}.Release|x64.Build.0 = Release|Any CPU
		{7E23DAE2-5910-439E-8678-9CA3BECF9743}.Release|x86.ActiveCfg = Release|Any CPU
		{7E23DAE2-5910-439E-8678-9CA3BECF9743}.Release|x86.Build.0 = Release|Any CPU
		{0CFC9EE2-B8DB-461C-85F7-99122DCFEDF6}.Debug|Any CPU.ActiveCfg = Debug|Any CPU
		{0CFC9EE2-B8DB-461C-85F7-99122DCFEDF6}.Debug|Any CPU.Build.0 = Debug|Any CPU
		{0CFC9EE2-B8DB-461C-85F7-99122DCFEDF6}.Debug|Mixed Platforms.ActiveCfg = Debug|Any CPU
		{0CFC9EE2-B8DB-461C-85F7-99122DCFEDF6}.Debug|Mixed Platforms.Build.0 = Debug|Any CPU
		{0CFC9EE2-B8DB-461C-85F7-99122DCFEDF6}.Debug|x64.ActiveCfg = Debug|Any CPU
		{0CFC9EE2-B8DB-461C-85F7-99122DCFEDF6}.Debug|x64.Build.0 = Debug|Any CPU
		{0CFC9EE2-B8DB-461C-85F7-99122DCFEDF6}.Debug|x86.ActiveCfg = Debug|Any CPU
		{0CFC9EE2-B8DB-461C-85F7-99122DCFEDF6}.Debug|x86.Build.0 = Debug|Any CPU
		{0CFC9EE2-B8DB-461C-85F7-99122DCFEDF6}.Release|Any CPU.ActiveCfg = Release|Any CPU
		{0CFC9EE2-B8DB-461C-85F7-99122DCFEDF6}.Release|Any CPU.Build.0 = Release|Any CPU
		{0CFC9EE2-B8DB-461C-85F7-99122DCFEDF6}.Release|Mixed Platforms.ActiveCfg = Release|Any CPU
		{0CFC9EE2-B8DB-461C-85F7-99122DCFEDF6}.Release|Mixed Platforms.Build.0 = Release|Any CPU
		{0CFC9EE2-B8DB-461C-85F7-99122DCFEDF6}.Release|x64.ActiveCfg = Release|Any CPU
		{0CFC9EE2-B8DB-461C-85F7-99122DCFEDF6}.Release|x64.Build.0 = Release|Any CPU
		{0CFC9EE2-B8DB-461C-85F7-99122DCFEDF6}.Release|x86.ActiveCfg = Release|Any CPU
		{0CFC9EE2-B8DB-461C-85F7-99122DCFEDF6}.Release|x86.Build.0 = Release|Any CPU
		{246C2F36-39AB-4727-97C2-63D0AF3F1AB8}.Debug|Any CPU.ActiveCfg = Debug|Any CPU
		{246C2F36-39AB-4727-97C2-63D0AF3F1AB8}.Debug|Any CPU.Build.0 = Debug|Any CPU
		{246C2F36-39AB-4727-97C2-63D0AF3F1AB8}.Debug|Mixed Platforms.ActiveCfg = Debug|Any CPU
		{246C2F36-39AB-4727-97C2-63D0AF3F1AB8}.Debug|Mixed Platforms.Build.0 = Debug|Any CPU
		{246C2F36-39AB-4727-97C2-63D0AF3F1AB8}.Debug|x64.ActiveCfg = Debug|Any CPU
		{246C2F36-39AB-4727-97C2-63D0AF3F1AB8}.Debug|x64.Build.0 = Debug|Any CPU
		{246C2F36-39AB-4727-97C2-63D0AF3F1AB8}.Debug|x86.ActiveCfg = Debug|Any CPU
		{246C2F36-39AB-4727-97C2-63D0AF3F1AB8}.Debug|x86.Build.0 = Debug|Any CPU
		{246C2F36-39AB-4727-97C2-63D0AF3F1AB8}.Release|Any CPU.ActiveCfg = Release|Any CPU
		{246C2F36-39AB-4727-97C2-63D0AF3F1AB8}.Release|Any CPU.Build.0 = Release|Any CPU
		{246C2F36-39AB-4727-97C2-63D0AF3F1AB8}.Release|Mixed Platforms.ActiveCfg = Release|Any CPU
		{246C2F36-39AB-4727-97C2-63D0AF3F1AB8}.Release|Mixed Platforms.Build.0 = Release|Any CPU
		{246C2F36-39AB-4727-97C2-63D0AF3F1AB8}.Release|x64.ActiveCfg = Release|Any CPU
		{246C2F36-39AB-4727-97C2-63D0AF3F1AB8}.Release|x64.Build.0 = Release|Any CPU
		{246C2F36-39AB-4727-97C2-63D0AF3F1AB8}.Release|x86.ActiveCfg = Release|Any CPU
		{246C2F36-39AB-4727-97C2-63D0AF3F1AB8}.Release|x86.Build.0 = Release|Any CPU
		{A01CD2BA-C8AE-4D74-A3B9-9EA581BB7C41}.Debug|Any CPU.ActiveCfg = Debug|Any CPU
		{A01CD2BA-C8AE-4D74-A3B9-9EA581BB7C41}.Debug|Any CPU.Build.0 = Debug|Any CPU
		{A01CD2BA-C8AE-4D74-A3B9-9EA581BB7C41}.Debug|Mixed Platforms.ActiveCfg = Debug|x86
		{A01CD2BA-C8AE-4D74-A3B9-9EA581BB7C41}.Debug|Mixed Platforms.Build.0 = Debug|x86
		{A01CD2BA-C8AE-4D74-A3B9-9EA581BB7C41}.Debug|x64.ActiveCfg = Debug|x64
		{A01CD2BA-C8AE-4D74-A3B9-9EA581BB7C41}.Debug|x64.Build.0 = Debug|x64
		{A01CD2BA-C8AE-4D74-A3B9-9EA581BB7C41}.Debug|x86.ActiveCfg = Debug|x86
		{A01CD2BA-C8AE-4D74-A3B9-9EA581BB7C41}.Debug|x86.Build.0 = Debug|x86
		{A01CD2BA-C8AE-4D74-A3B9-9EA581BB7C41}.Release|Any CPU.ActiveCfg = Release|Any CPU
		{A01CD2BA-C8AE-4D74-A3B9-9EA581BB7C41}.Release|Any CPU.Build.0 = Release|Any CPU
		{A01CD2BA-C8AE-4D74-A3B9-9EA581BB7C41}.Release|Mixed Platforms.ActiveCfg = Release|x86
		{A01CD2BA-C8AE-4D74-A3B9-9EA581BB7C41}.Release|Mixed Platforms.Build.0 = Release|x86
		{A01CD2BA-C8AE-4D74-A3B9-9EA581BB7C41}.Release|x64.ActiveCfg = Release|x64
		{A01CD2BA-C8AE-4D74-A3B9-9EA581BB7C41}.Release|x64.Build.0 = Release|x64
		{A01CD2BA-C8AE-4D74-A3B9-9EA581BB7C41}.Release|x86.ActiveCfg = Release|x86
		{A01CD2BA-C8AE-4D74-A3B9-9EA581BB7C41}.Release|x86.Build.0 = Release|x86
		{41D3A934-FD09-438C-88D0-091B008DED39}.Debug|Any CPU.ActiveCfg = Debug|Any CPU
		{41D3A934-FD09-438C-88D0-091B008DED39}.Debug|Any CPU.Build.0 = Debug|Any CPU
		{41D3A934-FD09-438C-88D0-091B008DED39}.Debug|Mixed Platforms.ActiveCfg = Debug|Any CPU
		{41D3A934-FD09-438C-88D0-091B008DED39}.Debug|Mixed Platforms.Build.0 = Debug|Any CPU
		{41D3A934-FD09-438C-88D0-091B008DED39}.Debug|x64.ActiveCfg = Debug|Any CPU
		{41D3A934-FD09-438C-88D0-091B008DED39}.Debug|x64.Build.0 = Debug|Any CPU
		{41D3A934-FD09-438C-88D0-091B008DED39}.Debug|x86.ActiveCfg = Debug|Any CPU
		{41D3A934-FD09-438C-88D0-091B008DED39}.Debug|x86.Build.0 = Debug|Any CPU
		{41D3A934-FD09-438C-88D0-091B008DED39}.Release|Any CPU.ActiveCfg = Release|Any CPU
		{41D3A934-FD09-438C-88D0-091B008DED39}.Release|Any CPU.Build.0 = Release|Any CPU
		{41D3A934-FD09-438C-88D0-091B008DED39}.Release|Mixed Platforms.ActiveCfg = Release|Any CPU
		{41D3A934-FD09-438C-88D0-091B008DED39}.Release|Mixed Platforms.Build.0 = Release|Any CPU
		{41D3A934-FD09-438C-88D0-091B008DED39}.Release|x64.ActiveCfg = Release|Any CPU
		{41D3A934-FD09-438C-88D0-091B008DED39}.Release|x64.Build.0 = Release|Any CPU
		{41D3A934-FD09-438C-88D0-091B008DED39}.Release|x86.ActiveCfg = Release|Any CPU
		{41D3A934-FD09-438C-88D0-091B008DED39}.Release|x86.Build.0 = Release|Any CPU
		{EC71A7DB-5B42-48AF-945F-36F93D75382E}.Debug|Any CPU.ActiveCfg = Debug|Any CPU
		{EC71A7DB-5B42-48AF-945F-36F93D75382E}.Debug|Any CPU.Build.0 = Debug|Any CPU
		{EC71A7DB-5B42-48AF-945F-36F93D75382E}.Debug|Mixed Platforms.ActiveCfg = Debug|Any CPU
		{EC71A7DB-5B42-48AF-945F-36F93D75382E}.Debug|Mixed Platforms.Build.0 = Debug|Any CPU
		{EC71A7DB-5B42-48AF-945F-36F93D75382E}.Debug|x64.ActiveCfg = Debug|Any CPU
		{EC71A7DB-5B42-48AF-945F-36F93D75382E}.Debug|x64.Build.0 = Debug|Any CPU
		{EC71A7DB-5B42-48AF-945F-36F93D75382E}.Debug|x86.ActiveCfg = Debug|Any CPU
		{EC71A7DB-5B42-48AF-945F-36F93D75382E}.Debug|x86.Build.0 = Debug|Any CPU
		{EC71A7DB-5B42-48AF-945F-36F93D75382E}.Release|Any CPU.ActiveCfg = Release|Any CPU
		{EC71A7DB-5B42-48AF-945F-36F93D75382E}.Release|Any CPU.Build.0 = Release|Any CPU
		{EC71A7DB-5B42-48AF-945F-36F93D75382E}.Release|Mixed Platforms.ActiveCfg = Release|Any CPU
		{EC71A7DB-5B42-48AF-945F-36F93D75382E}.Release|Mixed Platforms.Build.0 = Release|Any CPU
		{EC71A7DB-5B42-48AF-945F-36F93D75382E}.Release|x64.ActiveCfg = Release|Any CPU
		{EC71A7DB-5B42-48AF-945F-36F93D75382E}.Release|x64.Build.0 = Release|Any CPU
		{EC71A7DB-5B42-48AF-945F-36F93D75382E}.Release|x86.ActiveCfg = Release|Any CPU
		{EC71A7DB-5B42-48AF-945F-36F93D75382E}.Release|x86.Build.0 = Release|Any CPU
		{DDD84FF3-DD4B-4BCF-A92D-8F91DBFC214E}.Debug|Any CPU.ActiveCfg = Debug|Any CPU
		{DDD84FF3-DD4B-4BCF-A92D-8F91DBFC214E}.Debug|Any CPU.Build.0 = Debug|Any CPU
		{DDD84FF3-DD4B-4BCF-A92D-8F91DBFC214E}.Debug|Mixed Platforms.ActiveCfg = Debug|Any CPU
		{DDD84FF3-DD4B-4BCF-A92D-8F91DBFC214E}.Debug|Mixed Platforms.Build.0 = Debug|Any CPU
		{DDD84FF3-DD4B-4BCF-A92D-8F91DBFC214E}.Debug|x64.ActiveCfg = Debug|Any CPU
		{DDD84FF3-DD4B-4BCF-A92D-8F91DBFC214E}.Debug|x64.Build.0 = Debug|Any CPU
		{DDD84FF3-DD4B-4BCF-A92D-8F91DBFC214E}.Debug|x86.ActiveCfg = Debug|Any CPU
		{DDD84FF3-DD4B-4BCF-A92D-8F91DBFC214E}.Debug|x86.Build.0 = Debug|Any CPU
		{DDD84FF3-DD4B-4BCF-A92D-8F91DBFC214E}.Release|Any CPU.ActiveCfg = Release|Any CPU
		{DDD84FF3-DD4B-4BCF-A92D-8F91DBFC214E}.Release|Any CPU.Build.0 = Release|Any CPU
		{DDD84FF3-DD4B-4BCF-A92D-8F91DBFC214E}.Release|Mixed Platforms.ActiveCfg = Release|Any CPU
		{DDD84FF3-DD4B-4BCF-A92D-8F91DBFC214E}.Release|Mixed Platforms.Build.0 = Release|Any CPU
		{DDD84FF3-DD4B-4BCF-A92D-8F91DBFC214E}.Release|x64.ActiveCfg = Release|Any CPU
		{DDD84FF3-DD4B-4BCF-A92D-8F91DBFC214E}.Release|x64.Build.0 = Release|Any CPU
		{DDD84FF3-DD4B-4BCF-A92D-8F91DBFC214E}.Release|x86.ActiveCfg = Release|Any CPU
		{DDD84FF3-DD4B-4BCF-A92D-8F91DBFC214E}.Release|x86.Build.0 = Release|Any CPU
		{2097A7D8-F28C-48B7-AB3D-9A3800AA2E00}.Debug|Any CPU.ActiveCfg = Debug|Any CPU
		{2097A7D8-F28C-48B7-AB3D-9A3800AA2E00}.Debug|Any CPU.Build.0 = Debug|Any CPU
		{2097A7D8-F28C-48B7-AB3D-9A3800AA2E00}.Debug|Mixed Platforms.ActiveCfg = Debug|Any CPU
		{2097A7D8-F28C-48B7-AB3D-9A3800AA2E00}.Debug|Mixed Platforms.Build.0 = Debug|Any CPU
		{2097A7D8-F28C-48B7-AB3D-9A3800AA2E00}.Debug|x64.ActiveCfg = Debug|Any CPU
		{2097A7D8-F28C-48B7-AB3D-9A3800AA2E00}.Debug|x64.Build.0 = Debug|Any CPU
		{2097A7D8-F28C-48B7-AB3D-9A3800AA2E00}.Debug|x86.ActiveCfg = Debug|Any CPU
		{2097A7D8-F28C-48B7-AB3D-9A3800AA2E00}.Debug|x86.Build.0 = Debug|Any CPU
		{2097A7D8-F28C-48B7-AB3D-9A3800AA2E00}.Release|Any CPU.ActiveCfg = Release|Any CPU
		{2097A7D8-F28C-48B7-AB3D-9A3800AA2E00}.Release|Any CPU.Build.0 = Release|Any CPU
		{2097A7D8-F28C-48B7-AB3D-9A3800AA2E00}.Release|Mixed Platforms.ActiveCfg = Release|Any CPU
		{2097A7D8-F28C-48B7-AB3D-9A3800AA2E00}.Release|Mixed Platforms.Build.0 = Release|Any CPU
		{2097A7D8-F28C-48B7-AB3D-9A3800AA2E00}.Release|x64.ActiveCfg = Release|Any CPU
		{2097A7D8-F28C-48B7-AB3D-9A3800AA2E00}.Release|x64.Build.0 = Release|Any CPU
		{2097A7D8-F28C-48B7-AB3D-9A3800AA2E00}.Release|x86.ActiveCfg = Release|Any CPU
		{2097A7D8-F28C-48B7-AB3D-9A3800AA2E00}.Release|x86.Build.0 = Release|Any CPU
		{D753838B-EF1D-49A5-A475-DA3415907B66}.Debug|Any CPU.ActiveCfg = Debug|Any CPU
		{D753838B-EF1D-49A5-A475-DA3415907B66}.Debug|Any CPU.Build.0 = Debug|Any CPU
		{D753838B-EF1D-49A5-A475-DA3415907B66}.Debug|Mixed Platforms.ActiveCfg = Debug|Any CPU
		{D753838B-EF1D-49A5-A475-DA3415907B66}.Debug|Mixed Platforms.Build.0 = Debug|Any CPU
		{D753838B-EF1D-49A5-A475-DA3415907B66}.Debug|x64.ActiveCfg = Debug|Any CPU
		{D753838B-EF1D-49A5-A475-DA3415907B66}.Debug|x64.Build.0 = Debug|Any CPU
		{D753838B-EF1D-49A5-A475-DA3415907B66}.Debug|x86.ActiveCfg = Debug|Any CPU
		{D753838B-EF1D-49A5-A475-DA3415907B66}.Debug|x86.Build.0 = Debug|Any CPU
		{D753838B-EF1D-49A5-A475-DA3415907B66}.Release|Any CPU.ActiveCfg = Release|Any CPU
		{D753838B-EF1D-49A5-A475-DA3415907B66}.Release|Any CPU.Build.0 = Release|Any CPU
		{D753838B-EF1D-49A5-A475-DA3415907B66}.Release|Mixed Platforms.ActiveCfg = Release|Any CPU
		{D753838B-EF1D-49A5-A475-DA3415907B66}.Release|Mixed Platforms.Build.0 = Release|Any CPU
		{D753838B-EF1D-49A5-A475-DA3415907B66}.Release|x64.ActiveCfg = Release|Any CPU
		{D753838B-EF1D-49A5-A475-DA3415907B66}.Release|x64.Build.0 = Release|Any CPU
		{D753838B-EF1D-49A5-A475-DA3415907B66}.Release|x86.ActiveCfg = Release|Any CPU
		{D753838B-EF1D-49A5-A475-DA3415907B66}.Release|x86.Build.0 = Release|Any CPU
		{E5CFD62F-BAE1-428F-A8C4-AE5BF7C5156D}.Debug|Any CPU.ActiveCfg = Debug|Any CPU
		{E5CFD62F-BAE1-428F-A8C4-AE5BF7C5156D}.Debug|Any CPU.Build.0 = Debug|Any CPU
		{E5CFD62F-BAE1-428F-A8C4-AE5BF7C5156D}.Debug|Mixed Platforms.ActiveCfg = Debug|Any CPU
		{E5CFD62F-BAE1-428F-A8C4-AE5BF7C5156D}.Debug|Mixed Platforms.Build.0 = Debug|Any CPU
		{E5CFD62F-BAE1-428F-A8C4-AE5BF7C5156D}.Debug|x64.ActiveCfg = Debug|Any CPU
		{E5CFD62F-BAE1-428F-A8C4-AE5BF7C5156D}.Debug|x64.Build.0 = Debug|Any CPU
		{E5CFD62F-BAE1-428F-A8C4-AE5BF7C5156D}.Debug|x86.ActiveCfg = Debug|Any CPU
		{E5CFD62F-BAE1-428F-A8C4-AE5BF7C5156D}.Debug|x86.Build.0 = Debug|Any CPU
		{E5CFD62F-BAE1-428F-A8C4-AE5BF7C5156D}.Release|Any CPU.ActiveCfg = Release|Any CPU
		{E5CFD62F-BAE1-428F-A8C4-AE5BF7C5156D}.Release|Any CPU.Build.0 = Release|Any CPU
		{E5CFD62F-BAE1-428F-A8C4-AE5BF7C5156D}.Release|Mixed Platforms.ActiveCfg = Release|Any CPU
		{E5CFD62F-BAE1-428F-A8C4-AE5BF7C5156D}.Release|Mixed Platforms.Build.0 = Release|Any CPU
		{E5CFD62F-BAE1-428F-A8C4-AE5BF7C5156D}.Release|x64.ActiveCfg = Release|Any CPU
		{E5CFD62F-BAE1-428F-A8C4-AE5BF7C5156D}.Release|x64.Build.0 = Release|Any CPU
		{E5CFD62F-BAE1-428F-A8C4-AE5BF7C5156D}.Release|x86.ActiveCfg = Release|Any CPU
		{E5CFD62F-BAE1-428F-A8C4-AE5BF7C5156D}.Release|x86.Build.0 = Release|Any CPU
		{669A3B84-6D50-4786-B5CC-FCCAB5A6DCE8}.Debug|Any CPU.ActiveCfg = Debug|Any CPU
		{669A3B84-6D50-4786-B5CC-FCCAB5A6DCE8}.Debug|Any CPU.Build.0 = Debug|Any CPU
		{669A3B84-6D50-4786-B5CC-FCCAB5A6DCE8}.Debug|Mixed Platforms.ActiveCfg = Debug|Any CPU
		{669A3B84-6D50-4786-B5CC-FCCAB5A6DCE8}.Debug|Mixed Platforms.Build.0 = Debug|Any CPU
		{669A3B84-6D50-4786-B5CC-FCCAB5A6DCE8}.Debug|x64.ActiveCfg = Debug|Any CPU
		{669A3B84-6D50-4786-B5CC-FCCAB5A6DCE8}.Debug|x64.Build.0 = Debug|Any CPU
		{669A3B84-6D50-4786-B5CC-FCCAB5A6DCE8}.Debug|x86.ActiveCfg = Debug|Any CPU
		{669A3B84-6D50-4786-B5CC-FCCAB5A6DCE8}.Debug|x86.Build.0 = Debug|Any CPU
		{669A3B84-6D50-4786-B5CC-FCCAB5A6DCE8}.Release|Any CPU.ActiveCfg = Release|Any CPU
		{669A3B84-6D50-4786-B5CC-FCCAB5A6DCE8}.Release|Any CPU.Build.0 = Release|Any CPU
		{669A3B84-6D50-4786-B5CC-FCCAB5A6DCE8}.Release|Mixed Platforms.ActiveCfg = Release|Any CPU
		{669A3B84-6D50-4786-B5CC-FCCAB5A6DCE8}.Release|Mixed Platforms.Build.0 = Release|Any CPU
		{669A3B84-6D50-4786-B5CC-FCCAB5A6DCE8}.Release|x64.ActiveCfg = Release|Any CPU
		{669A3B84-6D50-4786-B5CC-FCCAB5A6DCE8}.Release|x64.Build.0 = Release|Any CPU
		{669A3B84-6D50-4786-B5CC-FCCAB5A6DCE8}.Release|x86.ActiveCfg = Release|Any CPU
		{669A3B84-6D50-4786-B5CC-FCCAB5A6DCE8}.Release|x86.Build.0 = Release|Any CPU
		{7D39E2DB-2D96-4108-8F2A-E3823BBC8264}.Debug|Any CPU.ActiveCfg = Debug|Any CPU
		{7D39E2DB-2D96-4108-8F2A-E3823BBC8264}.Debug|Any CPU.Build.0 = Debug|Any CPU
		{7D39E2DB-2D96-4108-8F2A-E3823BBC8264}.Debug|Mixed Platforms.ActiveCfg = Debug|Any CPU
		{7D39E2DB-2D96-4108-8F2A-E3823BBC8264}.Debug|Mixed Platforms.Build.0 = Debug|Any CPU
		{7D39E2DB-2D96-4108-8F2A-E3823BBC8264}.Debug|x64.ActiveCfg = Debug|Any CPU
		{7D39E2DB-2D96-4108-8F2A-E3823BBC8264}.Debug|x64.Build.0 = Debug|Any CPU
		{7D39E2DB-2D96-4108-8F2A-E3823BBC8264}.Debug|x86.ActiveCfg = Debug|Any CPU
		{7D39E2DB-2D96-4108-8F2A-E3823BBC8264}.Debug|x86.Build.0 = Debug|Any CPU
		{7D39E2DB-2D96-4108-8F2A-E3823BBC8264}.Release|Any CPU.ActiveCfg = Release|Any CPU
		{7D39E2DB-2D96-4108-8F2A-E3823BBC8264}.Release|Any CPU.Build.0 = Release|Any CPU
		{7D39E2DB-2D96-4108-8F2A-E3823BBC8264}.Release|Mixed Platforms.ActiveCfg = Release|Any CPU
		{7D39E2DB-2D96-4108-8F2A-E3823BBC8264}.Release|Mixed Platforms.Build.0 = Release|Any CPU
		{7D39E2DB-2D96-4108-8F2A-E3823BBC8264}.Release|x64.ActiveCfg = Release|Any CPU
		{7D39E2DB-2D96-4108-8F2A-E3823BBC8264}.Release|x64.Build.0 = Release|Any CPU
		{7D39E2DB-2D96-4108-8F2A-E3823BBC8264}.Release|x86.ActiveCfg = Release|Any CPU
		{7D39E2DB-2D96-4108-8F2A-E3823BBC8264}.Release|x86.Build.0 = Release|Any CPU
		{EC702D52-7F21-4803-BFEE-BA211598D9B2}.Debug|Any CPU.ActiveCfg = Debug|Any CPU
		{EC702D52-7F21-4803-BFEE-BA211598D9B2}.Debug|Any CPU.Build.0 = Debug|Any CPU
		{EC702D52-7F21-4803-BFEE-BA211598D9B2}.Debug|Mixed Platforms.ActiveCfg = Debug|Any CPU
		{EC702D52-7F21-4803-BFEE-BA211598D9B2}.Debug|Mixed Platforms.Build.0 = Debug|Any CPU
		{EC702D52-7F21-4803-BFEE-BA211598D9B2}.Debug|x64.ActiveCfg = Debug|Any CPU
		{EC702D52-7F21-4803-BFEE-BA211598D9B2}.Debug|x64.Build.0 = Debug|Any CPU
		{EC702D52-7F21-4803-BFEE-BA211598D9B2}.Debug|x86.ActiveCfg = Debug|Any CPU
		{EC702D52-7F21-4803-BFEE-BA211598D9B2}.Debug|x86.Build.0 = Debug|Any CPU
		{EC702D52-7F21-4803-BFEE-BA211598D9B2}.Release|Any CPU.ActiveCfg = Release|Any CPU
		{EC702D52-7F21-4803-BFEE-BA211598D9B2}.Release|Any CPU.Build.0 = Release|Any CPU
		{EC702D52-7F21-4803-BFEE-BA211598D9B2}.Release|Mixed Platforms.ActiveCfg = Release|Any CPU
		{EC702D52-7F21-4803-BFEE-BA211598D9B2}.Release|Mixed Platforms.Build.0 = Release|Any CPU
		{EC702D52-7F21-4803-BFEE-BA211598D9B2}.Release|x64.ActiveCfg = Release|Any CPU
		{EC702D52-7F21-4803-BFEE-BA211598D9B2}.Release|x64.Build.0 = Release|Any CPU
		{EC702D52-7F21-4803-BFEE-BA211598D9B2}.Release|x86.ActiveCfg = Release|Any CPU
		{EC702D52-7F21-4803-BFEE-BA211598D9B2}.Release|x86.Build.0 = Release|Any CPU
		{C405EDEF-29F1-4AE6-9F41-6594420BF58C}.Debug|Any CPU.ActiveCfg = Debug|Any CPU
		{C405EDEF-29F1-4AE6-9F41-6594420BF58C}.Debug|Any CPU.Build.0 = Debug|Any CPU
		{C405EDEF-29F1-4AE6-9F41-6594420BF58C}.Debug|Mixed Platforms.ActiveCfg = Debug|Any CPU
		{C405EDEF-29F1-4AE6-9F41-6594420BF58C}.Debug|Mixed Platforms.Build.0 = Debug|Any CPU
		{C405EDEF-29F1-4AE6-9F41-6594420BF58C}.Debug|x64.ActiveCfg = Debug|Any CPU
		{C405EDEF-29F1-4AE6-9F41-6594420BF58C}.Debug|x64.Build.0 = Debug|Any CPU
		{C405EDEF-29F1-4AE6-9F41-6594420BF58C}.Debug|x86.ActiveCfg = Debug|Any CPU
		{C405EDEF-29F1-4AE6-9F41-6594420BF58C}.Debug|x86.Build.0 = Debug|Any CPU
		{C405EDEF-29F1-4AE6-9F41-6594420BF58C}.Release|Any CPU.ActiveCfg = Release|Any CPU
		{C405EDEF-29F1-4AE6-9F41-6594420BF58C}.Release|Any CPU.Build.0 = Release|Any CPU
		{C405EDEF-29F1-4AE6-9F41-6594420BF58C}.Release|Mixed Platforms.ActiveCfg = Release|Any CPU
		{C405EDEF-29F1-4AE6-9F41-6594420BF58C}.Release|Mixed Platforms.Build.0 = Release|Any CPU
		{C405EDEF-29F1-4AE6-9F41-6594420BF58C}.Release|x64.ActiveCfg = Release|Any CPU
		{C405EDEF-29F1-4AE6-9F41-6594420BF58C}.Release|x64.Build.0 = Release|Any CPU
		{C405EDEF-29F1-4AE6-9F41-6594420BF58C}.Release|x86.ActiveCfg = Release|Any CPU
		{C405EDEF-29F1-4AE6-9F41-6594420BF58C}.Release|x86.Build.0 = Release|Any CPU
		{850A84C7-8CE5-459B-8EAF-52C27A1AC56C}.Debug|Any CPU.ActiveCfg = Debug|Any CPU
		{850A84C7-8CE5-459B-8EAF-52C27A1AC56C}.Debug|Any CPU.Build.0 = Debug|Any CPU
		{850A84C7-8CE5-459B-8EAF-52C27A1AC56C}.Debug|Mixed Platforms.ActiveCfg = Debug|Any CPU
		{850A84C7-8CE5-459B-8EAF-52C27A1AC56C}.Debug|Mixed Platforms.Build.0 = Debug|Any CPU
		{850A84C7-8CE5-459B-8EAF-52C27A1AC56C}.Debug|x64.ActiveCfg = Debug|Any CPU
		{850A84C7-8CE5-459B-8EAF-52C27A1AC56C}.Debug|x64.Build.0 = Debug|Any CPU
		{850A84C7-8CE5-459B-8EAF-52C27A1AC56C}.Debug|x86.ActiveCfg = Debug|Any CPU
		{850A84C7-8CE5-459B-8EAF-52C27A1AC56C}.Debug|x86.Build.0 = Debug|Any CPU
		{850A84C7-8CE5-459B-8EAF-52C27A1AC56C}.Release|Any CPU.ActiveCfg = Release|Any CPU
		{850A84C7-8CE5-459B-8EAF-52C27A1AC56C}.Release|Any CPU.Build.0 = Release|Any CPU
		{850A84C7-8CE5-459B-8EAF-52C27A1AC56C}.Release|Mixed Platforms.ActiveCfg = Release|Any CPU
		{850A84C7-8CE5-459B-8EAF-52C27A1AC56C}.Release|Mixed Platforms.Build.0 = Release|Any CPU
		{850A84C7-8CE5-459B-8EAF-52C27A1AC56C}.Release|x64.ActiveCfg = Release|Any CPU
		{850A84C7-8CE5-459B-8EAF-52C27A1AC56C}.Release|x64.Build.0 = Release|Any CPU
		{850A84C7-8CE5-459B-8EAF-52C27A1AC56C}.Release|x86.ActiveCfg = Release|Any CPU
		{850A84C7-8CE5-459B-8EAF-52C27A1AC56C}.Release|x86.Build.0 = Release|Any CPU
		{A97679F9-4CB8-4938-9407-90B5ED8CF94A}.Debug|Any CPU.ActiveCfg = Debug|Any CPU
		{A97679F9-4CB8-4938-9407-90B5ED8CF94A}.Debug|Any CPU.Build.0 = Debug|Any CPU
		{A97679F9-4CB8-4938-9407-90B5ED8CF94A}.Debug|Mixed Platforms.ActiveCfg = Debug|Any CPU
		{A97679F9-4CB8-4938-9407-90B5ED8CF94A}.Debug|Mixed Platforms.Build.0 = Debug|Any CPU
		{A97679F9-4CB8-4938-9407-90B5ED8CF94A}.Debug|x64.ActiveCfg = Debug|Any CPU
		{A97679F9-4CB8-4938-9407-90B5ED8CF94A}.Debug|x64.Build.0 = Debug|Any CPU
		{A97679F9-4CB8-4938-9407-90B5ED8CF94A}.Debug|x86.ActiveCfg = Debug|Any CPU
		{A97679F9-4CB8-4938-9407-90B5ED8CF94A}.Debug|x86.Build.0 = Debug|Any CPU
		{A97679F9-4CB8-4938-9407-90B5ED8CF94A}.Release|Any CPU.ActiveCfg = Release|Any CPU
		{A97679F9-4CB8-4938-9407-90B5ED8CF94A}.Release|Any CPU.Build.0 = Release|Any CPU
		{A97679F9-4CB8-4938-9407-90B5ED8CF94A}.Release|Mixed Platforms.ActiveCfg = Release|Any CPU
		{A97679F9-4CB8-4938-9407-90B5ED8CF94A}.Release|Mixed Platforms.Build.0 = Release|Any CPU
		{A97679F9-4CB8-4938-9407-90B5ED8CF94A}.Release|x64.ActiveCfg = Release|Any CPU
		{A97679F9-4CB8-4938-9407-90B5ED8CF94A}.Release|x64.Build.0 = Release|Any CPU
		{A97679F9-4CB8-4938-9407-90B5ED8CF94A}.Release|x86.ActiveCfg = Release|Any CPU
		{A97679F9-4CB8-4938-9407-90B5ED8CF94A}.Release|x86.Build.0 = Release|Any CPU
		{9CBA9FB5-70E2-4938-89BA-8031BDD63D48}.Debug|Any CPU.ActiveCfg = Debug|Any CPU
		{9CBA9FB5-70E2-4938-89BA-8031BDD63D48}.Debug|Any CPU.Build.0 = Debug|Any CPU
		{9CBA9FB5-70E2-4938-89BA-8031BDD63D48}.Debug|Mixed Platforms.ActiveCfg = Debug|Any CPU
		{9CBA9FB5-70E2-4938-89BA-8031BDD63D48}.Debug|Mixed Platforms.Build.0 = Debug|Any CPU
		{9CBA9FB5-70E2-4938-89BA-8031BDD63D48}.Debug|x64.ActiveCfg = Debug|Any CPU
		{9CBA9FB5-70E2-4938-89BA-8031BDD63D48}.Debug|x64.Build.0 = Debug|Any CPU
		{9CBA9FB5-70E2-4938-89BA-8031BDD63D48}.Debug|x86.ActiveCfg = Debug|Any CPU
		{9CBA9FB5-70E2-4938-89BA-8031BDD63D48}.Debug|x86.Build.0 = Debug|Any CPU
		{9CBA9FB5-70E2-4938-89BA-8031BDD63D48}.Release|Any CPU.ActiveCfg = Release|Any CPU
		{9CBA9FB5-70E2-4938-89BA-8031BDD63D48}.Release|Any CPU.Build.0 = Release|Any CPU
		{9CBA9FB5-70E2-4938-89BA-8031BDD63D48}.Release|Mixed Platforms.ActiveCfg = Release|Any CPU
		{9CBA9FB5-70E2-4938-89BA-8031BDD63D48}.Release|Mixed Platforms.Build.0 = Release|Any CPU
		{9CBA9FB5-70E2-4938-89BA-8031BDD63D48}.Release|x64.ActiveCfg = Release|Any CPU
		{9CBA9FB5-70E2-4938-89BA-8031BDD63D48}.Release|x64.Build.0 = Release|Any CPU
		{9CBA9FB5-70E2-4938-89BA-8031BDD63D48}.Release|x86.ActiveCfg = Release|Any CPU
		{9CBA9FB5-70E2-4938-89BA-8031BDD63D48}.Release|x86.Build.0 = Release|Any CPU
		{B228AACC-2D74-4A68-8B7F-C4F7B4ECA176}.Debug|Any CPU.ActiveCfg = Debug|Any CPU
		{B228AACC-2D74-4A68-8B7F-C4F7B4ECA176}.Debug|Any CPU.Build.0 = Debug|Any CPU
		{B228AACC-2D74-4A68-8B7F-C4F7B4ECA176}.Debug|Mixed Platforms.ActiveCfg = Debug|Any CPU
		{B228AACC-2D74-4A68-8B7F-C4F7B4ECA176}.Debug|Mixed Platforms.Build.0 = Debug|Any CPU
		{B228AACC-2D74-4A68-8B7F-C4F7B4ECA176}.Debug|x64.ActiveCfg = Debug|Any CPU
		{B228AACC-2D74-4A68-8B7F-C4F7B4ECA176}.Debug|x64.Build.0 = Debug|Any CPU
		{B228AACC-2D74-4A68-8B7F-C4F7B4ECA176}.Debug|x86.ActiveCfg = Debug|Any CPU
		{B228AACC-2D74-4A68-8B7F-C4F7B4ECA176}.Debug|x86.Build.0 = Debug|Any CPU
		{B228AACC-2D74-4A68-8B7F-C4F7B4ECA176}.Release|Any CPU.ActiveCfg = Release|Any CPU
		{B228AACC-2D74-4A68-8B7F-C4F7B4ECA176}.Release|Any CPU.Build.0 = Release|Any CPU
		{B228AACC-2D74-4A68-8B7F-C4F7B4ECA176}.Release|Mixed Platforms.ActiveCfg = Release|Any CPU
		{B228AACC-2D74-4A68-8B7F-C4F7B4ECA176}.Release|Mixed Platforms.Build.0 = Release|Any CPU
		{B228AACC-2D74-4A68-8B7F-C4F7B4ECA176}.Release|x64.ActiveCfg = Release|Any CPU
		{B228AACC-2D74-4A68-8B7F-C4F7B4ECA176}.Release|x64.Build.0 = Release|Any CPU
		{B228AACC-2D74-4A68-8B7F-C4F7B4ECA176}.Release|x86.ActiveCfg = Release|Any CPU
		{B228AACC-2D74-4A68-8B7F-C4F7B4ECA176}.Release|x86.Build.0 = Release|Any CPU
		{063304F7-247A-4CE0-9189-E935807DC5CD}.Debug|Any CPU.ActiveCfg = Debug|Any CPU
		{063304F7-247A-4CE0-9189-E935807DC5CD}.Debug|Any CPU.Build.0 = Debug|Any CPU
		{063304F7-247A-4CE0-9189-E935807DC5CD}.Debug|Mixed Platforms.ActiveCfg = Debug|Any CPU
		{063304F7-247A-4CE0-9189-E935807DC5CD}.Debug|Mixed Platforms.Build.0 = Debug|Any CPU
		{063304F7-247A-4CE0-9189-E935807DC5CD}.Debug|x64.ActiveCfg = Debug|Any CPU
		{063304F7-247A-4CE0-9189-E935807DC5CD}.Debug|x64.Build.0 = Debug|Any CPU
		{063304F7-247A-4CE0-9189-E935807DC5CD}.Debug|x86.ActiveCfg = Debug|Any CPU
		{063304F7-247A-4CE0-9189-E935807DC5CD}.Debug|x86.Build.0 = Debug|Any CPU
		{063304F7-247A-4CE0-9189-E935807DC5CD}.Release|Any CPU.ActiveCfg = Release|Any CPU
		{063304F7-247A-4CE0-9189-E935807DC5CD}.Release|Any CPU.Build.0 = Release|Any CPU
		{063304F7-247A-4CE0-9189-E935807DC5CD}.Release|Mixed Platforms.ActiveCfg = Release|Any CPU
		{063304F7-247A-4CE0-9189-E935807DC5CD}.Release|Mixed Platforms.Build.0 = Release|Any CPU
		{063304F7-247A-4CE0-9189-E935807DC5CD}.Release|x64.ActiveCfg = Release|Any CPU
		{063304F7-247A-4CE0-9189-E935807DC5CD}.Release|x64.Build.0 = Release|Any CPU
		{063304F7-247A-4CE0-9189-E935807DC5CD}.Release|x86.ActiveCfg = Release|Any CPU
		{063304F7-247A-4CE0-9189-E935807DC5CD}.Release|x86.Build.0 = Release|Any CPU
		{97FE13BD-CEE1-4B1D-86EF-19A543B27168}.Debug|Any CPU.ActiveCfg = Debug|Any CPU
		{97FE13BD-CEE1-4B1D-86EF-19A543B27168}.Debug|Any CPU.Build.0 = Debug|Any CPU
		{97FE13BD-CEE1-4B1D-86EF-19A543B27168}.Debug|Mixed Platforms.ActiveCfg = Debug|Any CPU
		{97FE13BD-CEE1-4B1D-86EF-19A543B27168}.Debug|Mixed Platforms.Build.0 = Debug|Any CPU
		{97FE13BD-CEE1-4B1D-86EF-19A543B27168}.Debug|x64.ActiveCfg = Debug|Any CPU
		{97FE13BD-CEE1-4B1D-86EF-19A543B27168}.Debug|x64.Build.0 = Debug|Any CPU
		{97FE13BD-CEE1-4B1D-86EF-19A543B27168}.Debug|x86.ActiveCfg = Debug|Any CPU
		{97FE13BD-CEE1-4B1D-86EF-19A543B27168}.Debug|x86.Build.0 = Debug|Any CPU
		{97FE13BD-CEE1-4B1D-86EF-19A543B27168}.Release|Any CPU.ActiveCfg = Release|Any CPU
		{97FE13BD-CEE1-4B1D-86EF-19A543B27168}.Release|Any CPU.Build.0 = Release|Any CPU
		{97FE13BD-CEE1-4B1D-86EF-19A543B27168}.Release|Mixed Platforms.ActiveCfg = Release|Any CPU
		{97FE13BD-CEE1-4B1D-86EF-19A543B27168}.Release|Mixed Platforms.Build.0 = Release|Any CPU
		{97FE13BD-CEE1-4B1D-86EF-19A543B27168}.Release|x64.ActiveCfg = Release|Any CPU
		{97FE13BD-CEE1-4B1D-86EF-19A543B27168}.Release|x64.Build.0 = Release|Any CPU
		{97FE13BD-CEE1-4B1D-86EF-19A543B27168}.Release|x86.ActiveCfg = Release|Any CPU
		{97FE13BD-CEE1-4B1D-86EF-19A543B27168}.Release|x86.Build.0 = Release|Any CPU
		{D35EBF6D-9268-4E08-94F3-9D22A9FAB47F}.Debug|Any CPU.ActiveCfg = Debug|Any CPU
		{D35EBF6D-9268-4E08-94F3-9D22A9FAB47F}.Debug|Any CPU.Build.0 = Debug|Any CPU
		{D35EBF6D-9268-4E08-94F3-9D22A9FAB47F}.Debug|Mixed Platforms.ActiveCfg = Debug|Any CPU
		{D35EBF6D-9268-4E08-94F3-9D22A9FAB47F}.Debug|Mixed Platforms.Build.0 = Debug|Any CPU
		{D35EBF6D-9268-4E08-94F3-9D22A9FAB47F}.Debug|x64.ActiveCfg = Debug|x64
		{D35EBF6D-9268-4E08-94F3-9D22A9FAB47F}.Debug|x64.Build.0 = Debug|x64
		{D35EBF6D-9268-4E08-94F3-9D22A9FAB47F}.Debug|x86.ActiveCfg = Debug|Any CPU
		{D35EBF6D-9268-4E08-94F3-9D22A9FAB47F}.Debug|x86.Build.0 = Debug|Any CPU
		{D35EBF6D-9268-4E08-94F3-9D22A9FAB47F}.Release|Any CPU.ActiveCfg = Release|Any CPU
		{D35EBF6D-9268-4E08-94F3-9D22A9FAB47F}.Release|Any CPU.Build.0 = Release|Any CPU
		{D35EBF6D-9268-4E08-94F3-9D22A9FAB47F}.Release|Mixed Platforms.ActiveCfg = Release|Any CPU
		{D35EBF6D-9268-4E08-94F3-9D22A9FAB47F}.Release|Mixed Platforms.Build.0 = Release|Any CPU
		{D35EBF6D-9268-4E08-94F3-9D22A9FAB47F}.Release|x64.ActiveCfg = Release|x64
		{D35EBF6D-9268-4E08-94F3-9D22A9FAB47F}.Release|x64.Build.0 = Release|x64
		{D35EBF6D-9268-4E08-94F3-9D22A9FAB47F}.Release|x86.ActiveCfg = Release|Any CPU
		{D35EBF6D-9268-4E08-94F3-9D22A9FAB47F}.Release|x86.Build.0 = Release|Any CPU
	EndGlobalSection
	GlobalSection(SolutionProperties) = preSolution
		HideSolutionNode = FALSE
	EndGlobalSection
	GlobalSection(NestedProjects) = preSolution
		{4F1F649C-1020-45BE-A487-F416D9297FF3} = {B09156FB-8291-46A2-AF37-67CE97CFB5A6}
		{6BDA8332-939F-45B7-A25E-7A797260AE59} = {E4ACA93B-D3DE-4557-B069-F1DB42925A4B}
		{CCD7F2C9-6A2C-4CF0-8E89-076B8FC0F144} = {E4ACA93B-D3DE-4557-B069-F1DB42925A4B}
		{210541AD-F659-47DA-8763-16F36C5CD2F4} = {E4ACA93B-D3DE-4557-B069-F1DB42925A4B}
		{5DCBE5B1-1A02-48E7-9853-5FCEF2A36805} = {A340B280-C12B-47E7-90B7-89C650F8AAFC}
		{7A9BDC6A-F880-43D5-9B2A-59C1674CE449} = {A340B280-C12B-47E7-90B7-89C650F8AAFC}
		{1D9EB579-3630-468A-BE94-49E7DF4F6E1D} = {A340B280-C12B-47E7-90B7-89C650F8AAFC}
		{57718244-1B22-4637-9DBF-F5D8E460FC95} = {A340B280-C12B-47E7-90B7-89C650F8AAFC}
		{9A7B9344-6AD0-4828-876D-0BF14C177148} = {7881B112-7843-4542-B1F7-F99553FB9BB7}
		{75FD4163-333C-4DD5-854D-2EF294E45D94} = {B09156FB-8291-46A2-AF37-67CE97CFB5A6}
		{98CA7487-6ADE-4773-BD0A-29255F443236} = {7881B112-7843-4542-B1F7-F99553FB9BB7}
		{5422ED35-2808-4790-B5E6-C86A383B2874} = {7881B112-7843-4542-B1F7-F99553FB9BB7}
		{5979DBFD-8471-4DF5-A0FD-96F6768205AA} = {7881B112-7843-4542-B1F7-F99553FB9BB7}
		{C2B83AF5-80F6-4B8C-8628-FA7DE10C3BB5} = {7881B112-7843-4542-B1F7-F99553FB9BB7}
		{446FED73-BCA1-4D8F-BC13-EA1507C7EF29} = {7881B112-7843-4542-B1F7-F99553FB9BB7}
		{9978B382-0BCD-4621-B6B5-52E0E3B5F464} = {7881B112-7843-4542-B1F7-F99553FB9BB7}
		{6DF00C56-EC49-4AB8-8B29-404E3694026C} = {7881B112-7843-4542-B1F7-F99553FB9BB7}
		{06C88D0B-A276-4D3D-8BE5-7C58BF3072E3} = {7881B112-7843-4542-B1F7-F99553FB9BB7}
		{560768D4-7E1D-4431-99F0-CC14C255E167} = {7881B112-7843-4542-B1F7-F99553FB9BB7}
		{493761CB-5190-4283-8C6C-A8CEB5450CAB} = {7881B112-7843-4542-B1F7-F99553FB9BB7}
		{4C0C889A-A3B2-43FA-824A-F529402C1BBF} = {7881B112-7843-4542-B1F7-F99553FB9BB7}
		{7B08DACB-8E11-416D-9DDF-B0EEF847A8ED} = {7881B112-7843-4542-B1F7-F99553FB9BB7}
		{2426B75D-23D4-41EF-8924-47650C8A18C7} = {7881B112-7843-4542-B1F7-F99553FB9BB7}
		{83F05E8D-2D6C-41FC-A95C-9621ED358615} = {7881B112-7843-4542-B1F7-F99553FB9BB7}
		{FAC5F9D0-2C2B-4296-B079-E723EA8A320C} = {7881B112-7843-4542-B1F7-F99553FB9BB7}
		{87013DC8-D032-465B-A950-753E4EB15502} = {7881B112-7843-4542-B1F7-F99553FB9BB7}
		{991CEBE4-5826-4687-893F-E2ECE8B13B2E} = {97475D17-18C0-4312-B339-872EC7CE834B}
		{535FE8A7-07DA-4C15-B39E-AE34C7071765} = {97475D17-18C0-4312-B339-872EC7CE834B}
		{D8A5493C-A865-42F1-9A9D-6ED21FDC89D2} = {97475D17-18C0-4312-B339-872EC7CE834B}
		{35C50560-3F67-4D08-930C-9F368A10AB7D} = {97475D17-18C0-4312-B339-872EC7CE834B}
		{7E23DAE2-5910-439E-8678-9CA3BECF9743} = {97475D17-18C0-4312-B339-872EC7CE834B}
		{0CFC9EE2-B8DB-461C-85F7-99122DCFEDF6} = {97475D17-18C0-4312-B339-872EC7CE834B}
		{246C2F36-39AB-4727-97C2-63D0AF3F1AB8} = {97475D17-18C0-4312-B339-872EC7CE834B}
		{A01CD2BA-C8AE-4D74-A3B9-9EA581BB7C41} = {535FE8A7-07DA-4C15-B39E-AE34C7071765}
		{41D3A934-FD09-438C-88D0-091B008DED39} = {535FE8A7-07DA-4C15-B39E-AE34C7071765}
		{EC71A7DB-5B42-48AF-945F-36F93D75382E} = {535FE8A7-07DA-4C15-B39E-AE34C7071765}
		{DDD84FF3-DD4B-4BCF-A92D-8F91DBFC214E} = {535FE8A7-07DA-4C15-B39E-AE34C7071765}
		{2097A7D8-F28C-48B7-AB3D-9A3800AA2E00} = {535FE8A7-07DA-4C15-B39E-AE34C7071765}
		{D753838B-EF1D-49A5-A475-DA3415907B66} = {991CEBE4-5826-4687-893F-E2ECE8B13B2E}
		{E5CFD62F-BAE1-428F-A8C4-AE5BF7C5156D} = {991CEBE4-5826-4687-893F-E2ECE8B13B2E}
		{669A3B84-6D50-4786-B5CC-FCCAB5A6DCE8} = {991CEBE4-5826-4687-893F-E2ECE8B13B2E}
		{7D39E2DB-2D96-4108-8F2A-E3823BBC8264} = {991CEBE4-5826-4687-893F-E2ECE8B13B2E}
		{EC702D52-7F21-4803-BFEE-BA211598D9B2} = {991CEBE4-5826-4687-893F-E2ECE8B13B2E}
		{C405EDEF-29F1-4AE6-9F41-6594420BF58C} = {991CEBE4-5826-4687-893F-E2ECE8B13B2E}
		{850A84C7-8CE5-459B-8EAF-52C27A1AC56C} = {991CEBE4-5826-4687-893F-E2ECE8B13B2E}
		{A97679F9-4CB8-4938-9407-90B5ED8CF94A} = {991CEBE4-5826-4687-893F-E2ECE8B13B2E}
		{9CBA9FB5-70E2-4938-89BA-8031BDD63D48} = {991CEBE4-5826-4687-893F-E2ECE8B13B2E}
		{B228AACC-2D74-4A68-8B7F-C4F7B4ECA176} = {991CEBE4-5826-4687-893F-E2ECE8B13B2E}
		{063304F7-247A-4CE0-9189-E935807DC5CD} = {991CEBE4-5826-4687-893F-E2ECE8B13B2E}
		{97FE13BD-CEE1-4B1D-86EF-19A543B27168} = {991CEBE4-5826-4687-893F-E2ECE8B13B2E}
		{FC977252-B783-407A-9BE1-0396CE961A01} = {97475D17-18C0-4312-B339-872EC7CE834B}
		{D35EBF6D-9268-4E08-94F3-9D22A9FAB47F} = {FC977252-B783-407A-9BE1-0396CE961A01}
	EndGlobalSection
	GlobalSection(ExtensibilityGlobals) = postSolution
		SolutionGuid = {EE72A8B2-332A-4175-9319-6726D36E9D25}
	EndGlobalSection
	GlobalSection(NDepend) = preSolution
		Project = ".\NopCommerce.ndproj"
	EndGlobalSection
EndGlobal
